// !$*UTF8*$!
{
	archiveVersion = 1;
	classes = {
	};
	objectVersion = 46;
	objects = {

/* Begin PBXBuildFile section */
		DB962D0D1A927055007D059D /* AppDelegate.swift in Sources */ = {isa = PBXBuildFile; fileRef = DB962D0C1A927055007D059D /* AppDelegate.swift */; };
		DB962D0F1A927055007D059D /* ViewController.swift in Sources */ = {isa = PBXBuildFile; fileRef = DB962D0E1A927055007D059D /* ViewController.swift */; };
		DB962D121A927055007D059D /* Main.storyboard in Resources */ = {isa = PBXBuildFile; fileRef = DB962D101A927055007D059D /* Main.storyboard */; };
		DB962D141A927056007D059D /* Images.xcassets in Resources */ = {isa = PBXBuildFile; fileRef = DB962D131A927056007D059D /* Images.xcassets */; };
		DB962D171A927056007D059D /* LaunchScreen.xib in Resources */ = {isa = PBXBuildFile; fileRef = DB962D151A927056007D059D /* LaunchScreen.xib */; };
		DB962D231A927056007D059D /* CarpoolingTests.swift in Sources */ = {isa = PBXBuildFile; fileRef = DB962D221A927056007D059D /* CarpoolingTests.swift */; };
/* End PBXBuildFile section */

/* Begin PBXContainerItemProxy section */
		DB962D1D1A927056007D059D /* PBXContainerItemProxy */ = {
			isa = PBXContainerItemProxy;
			containerPortal = DB962CFF1A927055007D059D /* Project object */;
			proxyType = 1;
			remoteGlobalIDString = DB962D061A927055007D059D;
			remoteInfo = Carpooling;
		};
/* End PBXContainerItemProxy section */

/* Begin PBXFileReference section */
		DB962D071A927055007D059D /* Carpooling.app */ = {isa = PBXFileReference; explicitFileType = wrapper.application; includeInIndex = 0; path = Carpooling.app; sourceTree = BUILT_PRODUCTS_DIR; };
		DB962D0B1A927055007D059D /* Info.plist */ = {isa = PBXFileReference; lastKnownFileType = text.plist.xml; path = Info.plist; sourceTree = "<group>"; };
		DB962D0C1A927055007D059D /* AppDelegate.swift */ = {isa = PBXFileReference; lastKnownFileType = sourcecode.swift; path = AppDelegate.swift; sourceTree = "<group>"; };
		DB962D0E1A927055007D059D /* ViewController.swift */ = {isa = PBXFileReference; lastKnownFileType = sourcecode.swift; path = ViewController.swift; sourceTree = "<group>"; };
		DB962D111A927055007D059D /* Base */ = {isa = PBXFileReference; lastKnownFileType = file.storyboard; name = Base; path = Base.lproj/Main.storyboard; sourceTree = "<group>"; };
		DB962D131A927056007D059D /* Images.xcassets */ = {isa = PBXFileReference; lastKnownFileType = folder.assetcatalog; path = Images.xcassets; sourceTree = "<group>"; };
		DB962D161A927056007D059D /* Base */ = {isa = PBXFileReference; lastKnownFileType = file.xib; name = Base; path = Base.lproj/LaunchScreen.xib; sourceTree = "<group>"; };
		DB962D1C1A927056007D059D /* CarpoolingTests.xctest */ = {isa = PBXFileReference; explicitFileType = wrapper.cfbundle; includeInIndex = 0; path = CarpoolingTests.xctest; sourceTree = BUILT_PRODUCTS_DIR; };
		DB962D211A927056007D059D /* Info.plist */ = {isa = PBXFileReference; lastKnownFileType = text.plist.xml; path = Info.plist; sourceTree = "<group>"; };
		DB962D221A927056007D059D /* CarpoolingTests.swift */ = {isa = PBXFileReference; lastKnownFileType = sourcecode.swift; path = CarpoolingTests.swift; sourceTree = "<group>"; };
/* End PBXFileReference section */

/* Begin PBXFrameworksBuildPhase section */
		DB962D041A927055007D059D /* Frameworks */ = {
			isa = PBXFrameworksBuildPhase;
			buildActionMask = 2147483647;
			files = (
			);
			runOnlyForDeploymentPostprocessing = 0;
		};
		DB962D191A927056007D059D /* Frameworks */ = {
			isa = PBXFrameworksBuildPhase;
			buildActionMask = 2147483647;
			files = (
			);
			runOnlyForDeploymentPostprocessing = 0;
		};
/* End PBXFrameworksBuildPhase section */

/* Begin PBXGroup section */
		DB962CFE1A927055007D059D = {
			isa = PBXGroup;
			children = (
				DB962D091A927055007D059D /* Carpooling */,
				DB962D1F1A927056007D059D /* CarpoolingTests */,
				DB962D081A927055007D059D /* Products */,
			);
			sourceTree = "<group>";
		};
		DB962D081A927055007D059D /* Products */ = {
			isa = PBXGroup;
			children = (
				DB962D071A927055007D059D /* Carpooling.app */,
				DB962D1C1A927056007D059D /* CarpoolingTests.xctest */,
			);
			name = Products;
			sourceTree = "<group>";
		};
		DB962D091A927055007D059D /* Carpooling */ = {
			isa = PBXGroup;
			children = (
				DB962D0C1A927055007D059D /* AppDelegate.swift */,
				DB962D0E1A927055007D059D /* ViewController.swift */,
				DB962D101A927055007D059D /* Main.storyboard */,
				DB962D131A927056007D059D /* Images.xcassets */,
				DB962D151A927056007D059D /* LaunchScreen.xib */,
				DB962D0A1A927055007D059D /* Supporting Files */,
			);
			path = Carpooling;
			sourceTree = "<group>";
		};
		DB962D0A1A927055007D059D /* Supporting Files */ = {
			isa = PBXGroup;
			children = (
				DB962D0B1A927055007D059D /* Info.plist */,
			);
			name = "Supporting Files";
			sourceTree = "<group>";
		};
		DB962D1F1A927056007D059D /* CarpoolingTests */ = {
			isa = PBXGroup;
			children = (
				DB962D221A927056007D059D /* CarpoolingTests.swift */,
				DB962D201A927056007D059D /* Supporting Files */,
			);
			path = CarpoolingTests;
			sourceTree = "<group>";
		};
		DB962D201A927056007D059D /* Supporting Files */ = {
			isa = PBXGroup;
			children = (
				DB962D211A927056007D059D /* Info.plist */,
			);
			name = "Supporting Files";
			sourceTree = "<group>";
		};
/* End PBXGroup section */

/* Begin PBXNativeTarget section */
		DB962D061A927055007D059D /* Carpooling */ = {
			isa = PBXNativeTarget;
			buildConfigurationList = DB962D261A927056007D059D /* Build configuration list for PBXNativeTarget "Carpooling" */;
			buildPhases = (
				DB962D031A927055007D059D /* Sources */,
				DB962D041A927055007D059D /* Frameworks */,
				DB962D051A927055007D059D /* Resources */,
			);
			buildRules = (
			);
			dependencies = (
			);
			name = Carpooling;
			productName = Carpooling;
			productReference = DB962D071A927055007D059D /* Carpooling.app */;
			productType = "com.apple.product-type.application";
		};
		DB962D1B1A927056007D059D /* CarpoolingTests */ = {
			isa = PBXNativeTarget;
			buildConfigurationList = DB962D291A927056007D059D /* Build configuration list for PBXNativeTarget "CarpoolingTests" */;
			buildPhases = (
				DB962D181A927056007D059D /* Sources */,
				DB962D191A927056007D059D /* Frameworks */,
				DB962D1A1A927056007D059D /* Resources */,
			);
			buildRules = (
			);
			dependencies = (
				DB962D1E1A927056007D059D /* PBXTargetDependency */,
			);
			name = CarpoolingTests;
			productName = CarpoolingTests;
			productReference = DB962D1C1A927056007D059D /* CarpoolingTests.xctest */;
			productType = "com.apple.product-type.bundle.unit-test";
		};
/* End PBXNativeTarget section */

/* Begin PBXProject section */
		DB962CFF1A927055007D059D /* Project object */ = {
			isa = PBXProject;
			attributes = {
				LastUpgradeCheck = 0610;
				ORGANIZATIONNAME = "Software Eng. Proj.";
				TargetAttributes = {
					DB962D061A927055007D059D = {
						CreatedOnToolsVersion = 6.1.1;
					};
					DB962D1B1A927056007D059D = {
						CreatedOnToolsVersion = 6.1.1;
						TestTargetID = DB962D061A927055007D059D;
					};
				};
			};
			buildConfigurationList = DB962D021A927055007D059D /* Build configuration list for PBXProject "Carpooling" */;
			compatibilityVersion = "Xcode 3.2";
			developmentRegion = English;
			hasScannedForEncodings = 0;
			knownRegions = (
				en,
				Base,
			);
			mainGroup = DB962CFE1A927055007D059D;
			productRefGroup = DB962D081A927055007D059D /* Products */;
			projectDirPath = "";
			projectRoot = "";
			targets = (
				DB962D061A927055007D059D /* Carpooling */,
				DB962D1B1A927056007D059D /* CarpoolingTests */,
			);
		};
/* End PBXProject section */

/* Begin PBXResourcesBuildPhase section */
		DB962D051A927055007D059D /* Resources */ = {
			isa = PBXResourcesBuildPhase;
			buildActionMask = 2147483647;
			files = (
				DB962D121A927055007D059D /* Main.storyboard in Resources */,
				DB962D171A927056007D059D /* LaunchScreen.xib in Resources */,
				DB962D141A927056007D059D /* Images.xcassets in Resources */,
			);
			runOnlyForDeploymentPostprocessing = 0;
		};
		DB962D1A1A927056007D059D /* Resources */ = {
			isa = PBXResourcesBuildPhase;
			buildActionMask = 2147483647;
			files = (
			);
			runOnlyForDeploymentPostprocessing = 0;
		};
/* End PBXResourcesBuildPhase section */

/* Begin PBXSourcesBuildPhase section */
		DB962D031A927055007D059D /* Sources */ = {
			isa = PBXSourcesBuildPhase;
			buildActionMask = 2147483647;
			files = (
				DB962D0F1A927055007D059D /* ViewController.swift in Sources */,
				DB962D0D1A927055007D059D /* AppDelegate.swift in Sources */,
			);
			runOnlyForDeploymentPostprocessing = 0;
		};
		DB962D181A927056007D059D /* Sources */ = {
			isa = PBXSourcesBuildPhase;
			buildActionMask = 2147483647;
			files = (
				DB962D231A927056007D059D /* CarpoolingTests.swift in Sources */,
			);
			runOnlyForDeploymentPostprocessing = 0;
		};
/* End PBXSourcesBuildPhase section */

/* Begin PBXTargetDependency section */
		DB962D1E1A927056007D059D /* PBXTargetDependency */ = {
			isa = PBXTargetDependency;
			target = DB962D061A927055007D059D /* Carpooling */;
			targetProxy = DB962D1D1A927056007D059D /* PBXContainerItemProxy */;
		};
/* End PBXTargetDependency section */

/* Begin PBXVariantGroup section */
		DB962D101A927055007D059D /* Main.storyboard */ = {
			isa = PBXVariantGroup;
			children = (
				DB962D111A927055007D059D /* Base */,
			);
			name = Main.storyboard;
			sourceTree = "<group>";
		};
		DB962D151A927056007D059D /* LaunchScreen.xib */ = {
			isa = PBXVariantGroup;
			children = (
				DB962D161A927056007D059D /* Base */,
			);
			name = LaunchScreen.xib;
			sourceTree = "<group>";
		};
/* End PBXVariantGroup section */

/* Begin XCBuildConfiguration section */
		DB962D241A927056007D059D /* Debug */ = {
			isa = XCBuildConfiguration;
			buildSettings = {
				ALWAYS_SEARCH_USER_PATHS = NO;
				CLANG_CXX_LANGUAGE_STANDARD = "gnu++0x";
				CLANG_CXX_LIBRARY = "libc++";
				CLANG_ENABLE_MODULES = YES;
				CLANG_ENABLE_OBJC_ARC = YES;
				CLANG_WARN_BOOL_CONVERSION = YES;
				CLANG_WARN_CONSTANT_CONVERSION = YES;
				CLANG_WARN_DIRECT_OBJC_ISA_USAGE = YES_ERROR;
				CLANG_WARN_EMPTY_BODY = YES;
				CLANG_WARN_ENUM_CONVERSION = YES;
				CLANG_WARN_INT_CONVERSION = YES;
				CLANG_WARN_OBJC_ROOT_CLASS = YES_ERROR;
				CLANG_WARN_UNREACHABLE_CODE = YES;
				CLANG_WARN__DUPLICATE_METHOD_MATCH = YES;
				"CODE_SIGN_IDENTITY[sdk=iphoneos*]" = "iPhone Developer";
				COPY_PHASE_STRIP = NO;
				ENABLE_STRICT_OBJC_MSGSEND = YES;
				GCC_C_LANGUAGE_STANDARD = gnu99;
				GCC_DYNAMIC_NO_PIC = NO;
				GCC_OPTIMIZATION_LEVEL = 0;
				GCC_PREPROCESSOR_DEFINITIONS = (
					"DEBUG=1",
					"$(inherited)",
				);
				GCC_SYMBOLS_PRIVATE_EXTERN = NO;
				GCC_WARN_64_TO_32_BIT_CONVERSION = YES;
				GCC_WARN_ABOUT_RETURN_TYPE = YES_ERROR;
				GCC_WARN_UNDECLARED_SELECTOR = YES;
				GCC_WARN_UNINITIALIZED_AUTOS = YES_AGGRESSIVE;
				GCC_WARN_UNUSED_FUNCTION = YES;
				GCC_WARN_UNUSED_VARIABLE = YES;
				IPHONEOS_DEPLOYMENT_TARGET = 8.1;
				MTL_ENABLE_DEBUG_INFO = YES;
				ONLY_ACTIVE_ARCH = YES;
				SDKROOT = iphoneos;
				SWIFT_OPTIMIZATION_LEVEL = "-Onone";
			};
			name = Debug;
		};
		DB962D251A927056007D059D /* Release */ = {
			isa = XCBuildConfiguration;
			buildSettings = {
				ALWAYS_SEARCH_USER_PATHS = NO;
				CLANG_CXX_LANGUAGE_STANDARD = "gnu++0x";
				CLANG_CXX_LIBRARY = "libc++";
				CLANG_ENABLE_MODULES = YES;
				CLANG_ENABLE_OBJC_ARC = YES;
				CLANG_WARN_BOOL_CONVERSION = YES;
				CLANG_WARN_CONSTANT_CONVERSION = YES;
				CLANG_WARN_DIRECT_OBJC_ISA_USAGE = YES_ERROR;
				CLANG_WARN_EMPTY_BODY = YES;
				CLANG_WARN_ENUM_CONVERSION = YES;
				CLANG_WARN_INT_CONVERSION = YES;
				CLANG_WARN_OBJC_ROOT_CLASS = YES_ERROR;
				CLANG_WARN_UNREACHABLE_CODE = YES;
				CLANG_WARN__DUPLICATE_METHOD_MATCH = YES;
				"CODE_SIGN_IDENTITY[sdk=iphoneos*]" = "iPhone Developer";
				COPY_PHASE_STRIP = YES;
				ENABLE_NS_ASSERTIONS = NO;
				ENABLE_STRICT_OBJC_MSGSEND = YES;
				GCC_C_LANGUAGE_STANDARD = gnu99;
				GCC_WARN_64_TO_32_BIT_CONVERSION = YES;
				GCC_WARN_ABOUT_RETURN_TYPE = YES_ERROR;
				GCC_WARN_UNDECLARED_SELECTOR = YES;
				GCC_WARN_UNINITIALIZED_AUTOS = YES_AGGRESSIVE;
				GCC_WARN_UNUSED_FUNCTION = YES;
				GCC_WARN_UNUSED_VARIABLE = YES;
				IPHONEOS_DEPLOYMENT_TARGET = 8.1;
				MTL_ENABLE_DEBUG_INFO = NO;
				SDKROOT = iphoneos;
				VALIDATE_PRODUCT = YES;
			};
			name = Release;
		};
		DB962D271A927056007D059D /* Debug */ = {
			isa = XCBuildConfiguration;
			buildSettings = {
				ASSETCATALOG_COMPILER_APPICON_NAME = AppIcon;
				INFOPLIST_FILE = Carpooling/Info.plist;
				LD_RUNPATH_SEARCH_PATHS = "$(inherited) @executable_path/Frameworks";
				PRODUCT_NAME = "$(TARGET_NAME)";
			};
			name = Debug;
		};
		DB962D281A927056007D059D /* Release */ = {
			isa = XCBuildConfiguration;
			buildSettings = {
				ASSETCATALOG_COMPILER_APPICON_NAME = AppIcon;
				INFOPLIST_FILE = Carpooling/Info.plist;
				LD_RUNPATH_SEARCH_PATHS = "$(inherited) @executable_path/Frameworks";
				PRODUCT_NAME = "$(TARGET_NAME)";
			};
			name = Release;
		};
		DB962D2A1A927056007D059D /* Debug */ = {
			isa = XCBuildConfiguration;
			buildSettings = {
				BUNDLE_LOADER = "$(TEST_HOST)";
				FRAMEWORK_SEARCH_PATHS = (
					"$(SDKROOT)/Developer/Library/Frameworks",
					"$(inherited)",
				);
				GCC_PREPROCESSOR_DEFINITIONS = (
					"DEBUG=1",
					"$(inherited)",
				);
				INFOPLIST_FILE = CarpoolingTests/Info.plist;
				LD_RUNPATH_SEARCH_PATHS = "$(inherited) @executable_path/Frameworks @loader_path/Frameworks";
				PRODUCT_NAME = "$(TARGET_NAME)";
				TEST_HOST = "$(BUILT_PRODUCTS_DIR)/Carpooling.app/Carpooling";
			};
			name = Debug;
		};
		DB962D2B1A927056007D059D /* Release */ = {
			isa = XCBuildConfiguration;
			buildSettings = {
				BUNDLE_LOADER = "$(TEST_HOST)";
				FRAMEWORK_SEARCH_PATHS = (
					"$(SDKROOT)/Developer/Library/Frameworks",
					"$(inherited)",
				);
				INFOPLIST_FILE = CarpoolingTests/Info.plist;
				LD_RUNPATH_SEARCH_PATHS = "$(inherited) @executable_path/Frameworks @loader_path/Frameworks";
				PRODUCT_NAME = "$(TARGET_NAME)";
				TEST_HOST = "$(BUILT_PRODUCTS_DIR)/Carpooling.app/Carpooling";
			};
			name = Release;
		};
/* End XCBuildConfiguration section */

/* Begin XCConfigurationList section */
		DB962D021A927055007D059D /* Build configuration list for PBXProject "Carpooling" */ = {
			isa = XCConfigurationList;
			buildConfigurations = (
				DB962D241A927056007D059D /* Debug */,
				DB962D251A927056007D059D /* Release */,
			);
			defaultConfigurationIsVisible = 0;
			defaultConfigurationName = Release;
		};
		DB962D261A927056007D059D /* Build configuration list for PBXNativeTarget "Carpooling" */ = {
			isa = XCConfigurationList;
			buildConfigurations = (
				DB962D271A927056007D059D /* Debug */,
				DB962D281A927056007D059D /* Release */,
			);
			defaultConfigurationIsVisible = 0;
		};
		DB962D291A927056007D059D /* Build configuration list for PBXNativeTarget "CarpoolingTests" */ = {
			isa = XCConfigurationList;
			buildConfigurations = (
				DB962D2A1A927056007D059D /* Debug */,
				DB962D2B1A927056007D059D /* Release */,
			);
			defaultConfigurationIsVisible = 0;
		};
/* End XCConfigurationList section */
	};
	rootObject = DB962CFF1A927055007D059D /* Project object */;
}
