<?xml version="1.0" encoding="UTF-8"?>
<!DOCTYPE plist PUBLIC "-//Apple//DTD PLIST 1.0//EN" "http://www.apple.com/DTDs/PropertyList-1.0.dtd">
<plist version="1.0">
<dict>
	<key>archiveVersion</key>
	<string>1</string>
	<key>classes</key>
	<dict/>
	<key>objectVersion</key>
	<string>46</string>
	<key>objects</key>
	<dict>
		<key>003e57bb75ceca440c5098f2</key>
		<dict>
			<key>fileEncoding</key>
			<string>4</string>
			<key>isa</key>
			<string>PBXFileReference</string>
			<key>lastKnownFileType</key>
			<string>wrapper.framework</string>
			<key>name</key>
			<string>calabash.framework</string>
			<key>path</key>
			<string>calabash.framework</string>
			<key>sourceTree</key>
			<string>&lt;group&gt;</string>
		</dict>
		<key>00d10f655f996dbe3dfa33f0</key>
		<dict>
			<key>buildActionMask</key>
			<string>2147483647</string>
			<key>files</key>
			<array>
				<string>049b17a5a0f6680a22d5777b</string>
				<string>ec5a4a1d72a7c457a0483276</string>
				<string>56b1f85f30658438dabda089</string>
				<string>ceede026c89166422f8a3fdb</string>
				<string>8bdfebd220b871b0bc77e777</string>
			</array>
			<key>isa</key>
			<string>PBXResourcesBuildPhase</string>
			<key>runOnlyForDeploymentPostprocessing</key>
			<string>0</string>
		</dict>
		<key>049b17a5a0f6680a22d5777b</key>
		<dict>
			<key>fileRef</key>
			<string>DB48B5E21AAC0042005A04D0</string>
			<key>isa</key>
			<string>PBXBuildFile</string>
		</dict>
		<key>04a027d70dbc2186a54cf8ed</key>
		<dict>
			<key>fileRef</key>
			<string>DB5E03991A9C55BA0061A42B</string>
			<key>isa</key>
			<string>PBXBuildFile</string>
		</dict>
		<key>04ddb60698e30fadebaef229</key>
		<dict>
			<key>fileRef</key>
			<string>DBD138751ACB8FF2003ABA42</string>
			<key>isa</key>
			<string>PBXBuildFile</string>
		</dict>
		<key>0b3f40f5341d2559326193a4</key>
		<dict>
			<key>fileRef</key>
			<string>DB5065461AA92154000DAE6B</string>
			<key>isa</key>
			<string>PBXBuildFile</string>
		</dict>
		<key>0f041bdf616d720ec42ca206</key>
		<dict>
			<key>fileRef</key>
			<string>DBD0C1AD1AA9732800150414</string>
			<key>isa</key>
			<string>PBXBuildFile</string>
		</dict>
		<key>1835ac4679e699328b7c3270</key>
		<dict>
			<key>fileRef</key>
			<string>DB5065421AA92154000DAE6B</string>
			<key>isa</key>
			<string>PBXBuildFile</string>
		</dict>
		<key>197118eb1ce18307ecdde14e</key>
		<dict>
			<key>fileRef</key>
			<string>DB5065591AA921FB000DAE6B</string>
			<key>isa</key>
			<string>PBXBuildFile</string>
		</dict>
		<key>1ce3b162f64209b8dfc087ec</key>
		<dict>
			<key>fileRef</key>
			<string>DB5E03871A9C55900061A42B</string>
			<key>isa</key>
			<string>PBXBuildFile</string>
		</dict>
		<key>203b06182ac5f656eebdbb99</key>
		<dict>
			<key>fileRef</key>
			<string>D540DF931AC658C300C797D8</string>
			<key>isa</key>
			<string>PBXBuildFile</string>
		</dict>
		<key>2443cf283d98e49cc67b9987</key>
		<dict>
			<key>fileRef</key>
			<string>DB128BA61AA50960007A8179</string>
			<key>isa</key>
			<string>PBXBuildFile</string>
		</dict>
		<key>25306473824c337eebe6a230</key>
		<dict>
			<key>fileRef</key>
			<string>DB5E037B1A9C55270061A42B</string>
			<key>isa</key>
			<string>PBXBuildFile</string>
		</dict>
		<key>26c8943097badfa78902e960</key>
		<dict>
			<key>fileRef</key>
			<string>DB0C366A1AB600240011B520</string>
			<key>isa</key>
			<string>PBXBuildFile</string>
		</dict>
		<key>27a603bba376b01ca736999d</key>
		<dict>
			<key>fileRef</key>
			<string>DB5E03981A9C55BA0061A42B</string>
			<key>isa</key>
			<string>PBXBuildFile</string>
		</dict>
		<key>32caf9608de4a788837572f2</key>
		<dict>
			<key>fileRef</key>
			<string>DB5E03761A9C55260061A42B</string>
			<key>isa</key>
			<string>PBXBuildFile</string>
		</dict>
		<key>34e87f9e7c76e51d4534e9c2</key>
		<dict>
			<key>fileRef</key>
			<string>DB5065441AA92154000DAE6B</string>
			<key>isa</key>
			<string>PBXBuildFile</string>
		</dict>
		<key>3510e1f4bb5768c1697c1fbe</key>
		<dict>
			<key>buildActionMask</key>
			<string>2147483647</string>
			<key>files</key>
			<array>
				<string>cf33ff685bb382ad0339b3b6</string>
				<string>b51ea3ee23d9b6f374cbf400</string>
				<string>04ddb60698e30fadebaef229</string>
				<string>e5ace087c18a94930e6d4f1b</string>
				<string>cbcba7f3c60264e4aebeca6f</string>
				<string>8da4d9d8d90ef308783508cf</string>
				<string>e6f054ca895b928df573080e</string>
				<string>c75e19d84d8c3d0b8037acc6</string>
				<string>a9cdf7d7b3878ba6e19ca78b</string>
				<string>eae8c9b198e4c479e122b3d2</string>
				<string>32caf9608de4a788837572f2</string>
				<string>e1ee0dd57a5843e25a45ee9c</string>
				<string>2443cf283d98e49cc67b9987</string>
				<string>b49c85c90f12dc5283b9572d</string>
				<string>3ad3e4bd73648283e595ca9a</string>
				<string>dc8626df0c7f7bf12edd57b0</string>
				<string>7434e065ea49b921a6baa00f</string>
				<string>ba1832eda8f2d66437126dfa</string>
				<string>25306473824c337eebe6a230</string>
				<string>b8b4e54c20b38d42fb87df32</string>
				<string>80436472e798493edd498d5b</string>
				<string>c595f69ffcc7474c0765639f</string>
				<string>1ce3b162f64209b8dfc087ec</string>
				<string>9cdae5967efc260fe0f6c6c5</string>
				<string>5631b5397db110d193f4957e</string>
				<string>ad3548fa01945b47d4419bf8</string>
				<string>27a603bba376b01ca736999d</string>
				<string>a2b686bb1014db6fbe1aed2e</string>
				<string>04a027d70dbc2186a54cf8ed</string>
				<string>648f4ddd0fd4fcfba2f62fa9</string>
				<string>46731639c9b1fd27057e8cf1</string>
			</array>
			<key>isa</key>
			<string>PBXFrameworksBuildPhase</string>
			<key>runOnlyForDeploymentPostprocessing</key>
			<string>0</string>
		</dict>
		<key>3ad3e4bd73648283e595ca9a</key>
		<dict>
			<key>fileRef</key>
			<string>DBACA7EF1A9CE6710072FA53</string>
			<key>isa</key>
			<string>PBXBuildFile</string>
		</dict>
		<key>46731639c9b1fd27057e8cf1</key>
		<dict>
			<key>fileRef</key>
			<string>003e57bb75ceca440c5098f2</string>
			<key>isa</key>
			<string>PBXBuildFile</string>
		</dict>
		<key>49aea9bd8eb8373143fb8e86</key>
		<dict>
			<key>fileRef</key>
			<string>D540DF951AC65EFB00C797D8</string>
			<key>isa</key>
			<string>PBXBuildFile</string>
		</dict>
		<key>51333a5f7020664eaaaf684a</key>
		<dict>
			<key>buildSettings</key>
			<dict>
				<key>ASSETCATALOG_COMPILER_APPICON_NAME</key>
				<string>AppIcon</string>
				<key>CLANG_ENABLE_MODULES</key>
				<string>YES</string>
				<key>CODE_SIGN_IDENTITY</key>
				<string>iPhone Developer</string>
				<key>CODE_SIGN_IDENTITY[sdk=iphoneos*]</key>
				<string>iPhone Developer</string>
				<key>FRAMEWORK_SEARCH_PATHS</key>
				<array>
					<string>$(inherited)</string>
					<string>$(PROJECT_DIR)/GoogleMapsSDK</string>
					<string>$(PROJECT_DIR)/GoogleWalletSDK</string>
					<string>$(PROJECT_DIR)/parse-library-1</string>
					<string>$(PROJECT_DIR)/FacebookSDK</string>
					<string>$(PROJECT_DIR)</string>
					<string>/Users/cesar/Desktop/Software</string>
					<string>Engineering/GoogleWalletSDK</string>
					<string>"$(SRCROOT)"</string>
				</array>
				<key>FRAMEWORK_SEARCH_PATHS[arch=*]</key>
				<array>
					<string>$(inherited)</string>
					<string>$(PROJECT_DIR)/parse-library-1</string>
					<string>$(PROJECT_DIR)/GoogleWalletSDK</string>
					<string>$(PROJECT_DIR)/GoogleMapsSDK</string>
					<string>$(PROJECT_DIR)/FacebookSDK</string>
				</array>
				<key>INFOPLIST_FILE</key>
				<string>Carpooling/Info.plist</string>
				<key>IPHONEOS_DEPLOYMENT_TARGET</key>
				<string>8.1</string>
				<key>LD_RUNPATH_SEARCH_PATHS</key>
				<string>$(inherited) @executable_path/Frameworks</string>
				<key>LIBRARY_SEARCH_PATHS</key>
				<array>
					<string>$(inherited)</string>
					<string>$(FRANK_LIBRARY_SEARCH_PATHS)</string>
				</array>
				<key>OTHER_LDFLAGS</key>
				<array>
					<string>$(inherited)</string>
					<string>$(FRANK_LDFLAGS)</string>
					<string>-force_load</string>
					<string>"$(SRCROOT)/calabash.framework/calabash"</string>
					<string>-lstdc++</string>
				</array>
				<key>PRODUCT_NAME</key>
				<string>Carpooling</string>
				<key>PROVISIONING_PROFILE</key>
				<string></string>
				<key>SWIFT_OBJC_BRIDGING_HEADER</key>
				<string>Carpooling/Carpooling-Bridging-Header.h</string>
				<key>SWIFT_OBJC_BRIDGING_HEADER[arch=*]</key>
				<string>Carpooling/Carpooling-Bridging-Header.h</string>
				<key>SWIFT_OPTIMIZATION_LEVEL</key>
				<string>-Onone</string>
				<key>TARGETED_DEVICE_FAMILY</key>
				<string>1</string>
			</dict>
			<key>isa</key>
			<string>XCBuildConfiguration</string>
			<key>name</key>
			<string>Debug</string>
		</dict>
		<key>5631b5397db110d193f4957e</key>
		<dict>
			<key>fileRef</key>
			<string>DBABC9581A942EA300CE6497</string>
			<key>isa</key>
			<string>PBXBuildFile</string>
		</dict>
		<key>56b1f85f30658438dabda089</key>
		<dict>
			<key>fileRef</key>
			<string>DB962D131A927056007D059D</string>
			<key>isa</key>
			<string>PBXBuildFile</string>
		</dict>
		<key>56ea49c90e37e8d93839fb4c</key>
		<dict>
			<key>fileRef</key>
			<string>DBFC60731A9ABBCF001BE648</string>
			<key>isa</key>
			<string>PBXBuildFile</string>
		</dict>
		<key>5fd978976cb7670ad5e84e10</key>
		<dict>
			<key>fileRef</key>
			<string>DB962D0E1A927055007D059D</string>
			<key>isa</key>
			<string>PBXBuildFile</string>
		</dict>
		<key>63d3c28292bb5d18d8b6a9de</key>
		<dict>
			<key>fileRef</key>
			<string>DBD0C1AC1AA9732800150414</string>
			<key>isa</key>
			<string>PBXBuildFile</string>
		</dict>
		<key>648f4ddd0fd4fcfba2f62fa9</key>
		<dict>
			<key>fileRef</key>
			<string>DB5E03861A9C55900061A42B</string>
			<key>isa</key>
			<string>PBXBuildFile</string>
		</dict>
		<key>65941a5f20996a49d82c4440</key>
		<dict>
			<key>fileRef</key>
			<string>D540DF911AC657FC00C797D8</string>
			<key>isa</key>
			<string>PBXBuildFile</string>
		</dict>
		<key>7434e065ea49b921a6baa00f</key>
		<dict>
			<key>fileRef</key>
			<string>DB5E037A1A9C55270061A42B</string>
			<key>isa</key>
			<string>PBXBuildFile</string>
		</dict>
		<key>7795c610493623facf19abb4</key>
		<dict>
			<key>fileRef</key>
			<string>D59C071A1AA5147F00F4AB93</string>
			<key>isa</key>
			<string>PBXBuildFile</string>
		</dict>
		<key>7b731a164cfeef36181f874b</key>
		<dict>
			<key>buildActionMask</key>
			<string>2147483647</string>
			<key>files</key>
			<array>
				<string>9d95be9eba7801b10cc4e4c4</string>
				<string>0b3f40f5341d2559326193a4</string>
				<string>26c8943097badfa78902e960</string>
				<string>203b06182ac5f656eebdbb99</string>
				<string>af8f0dd56676d6b3b69d3dce</string>
				<string>63d3c28292bb5d18d8b6a9de</string>
				<string>822a66cc3c1c348ade63b5b2</string>
				<string>ce72f2d8e71241b900fb7ce2</string>
				<string>7795c610493623facf19abb4</string>
				<string>197118eb1ce18307ecdde14e</string>
				<string>a47b0d14154508960426c19b</string>
				<string>f294227c1b4bd15cd71ea973</string>
				<string>5fd978976cb7670ad5e84e10</string>
				<string>49aea9bd8eb8373143fb8e86</string>
				<string>65941a5f20996a49d82c4440</string>
				<string>b888e3569383ec3f8067ee67</string>
				<string>d397b07353b56ef07768965d</string>
				<string>f694f6b2525a4da38944dc54</string>
				<string>34e87f9e7c76e51d4534e9c2</string>
				<string>1835ac4679e699328b7c3270</string>
				<string>56ea49c90e37e8d93839fb4c</string>
				<string>ce98996dc0c60ef295462464</string>
				<string>0f041bdf616d720ec42ca206</string>
			</array>
			<key>isa</key>
			<string>PBXSourcesBuildPhase</string>
			<key>runOnlyForDeploymentPostprocessing</key>
			<string>0</string>
		</dict>
		<key>80436472e798493edd498d5b</key>
		<dict>
			<key>fileRef</key>
			<string>DB9AAA0D1A93F80D0087666C</string>
			<key>isa</key>
			<string>PBXBuildFile</string>
		</dict>
		<key>822a66cc3c1c348ade63b5b2</key>
		<dict>
			<key>fileRef</key>
			<string>DB50655A1AA921FB000DAE6B</string>
			<key>isa</key>
			<string>PBXBuildFile</string>
		</dict>
		<key>8bdfebd220b871b0bc77e777</key>
		<dict>
			<key>fileRef</key>
			<string>DB128BA71AA50960007A8179</string>
			<key>isa</key>
			<string>PBXBuildFile</string>
		</dict>
		<key>8da4d9d8d90ef308783508cf</key>
		<dict>
			<key>fileRef</key>
			<string>DBD138781ACB8FF2003ABA42</string>
			<key>isa</key>
			<string>PBXBuildFile</string>
		</dict>
		<key>9cdae5967efc260fe0f6c6c5</key>
		<dict>
			<key>fileRef</key>
			<string>DB5E03961A9C55BA0061A42B</string>
			<key>isa</key>
			<string>PBXBuildFile</string>
		</dict>
		<key>9d95be9eba7801b10cc4e4c4</key>
		<dict>
			<key>fileRef</key>
			<string>DB48B5E81AAC0573005A04D0</string>
			<key>isa</key>
			<string>PBXBuildFile</string>
		</dict>
		<key>D5310F011AA7E80A003B9F64</key>
		<dict>
			<key>fileEncoding</key>
			<string>4</string>
			<key>isa</key>
			<string>PBXFileReference</string>
			<key>lastKnownFileType</key>
			<string>sourcecode.swift</string>
			<key>path</key>
			<string>Preferences.swift</string>
			<key>sourceTree</key>
			<string>&lt;group&gt;</string>
		</dict>
		<key>D540DF911AC657FC00C797D8</key>
		<dict>
			<key>fileEncoding</key>
			<string>4</string>
			<key>isa</key>
			<string>PBXFileReference</string>
			<key>lastKnownFileType</key>
			<string>sourcecode.swift</string>
			<key>path</key>
			<string>searchPeople.swift</string>
			<key>sourceTree</key>
			<string>&lt;group&gt;</string>
		</dict>
		<key>D540DF921AC657FC00C797D8</key>
		<dict>
			<key>fileRef</key>
			<string>D540DF911AC657FC00C797D8</string>
			<key>isa</key>
			<string>PBXBuildFile</string>
		</dict>
		<key>D540DF931AC658C300C797D8</key>
		<dict>
			<key>fileEncoding</key>
			<string>4</string>
			<key>isa</key>
			<string>PBXFileReference</string>
			<key>lastKnownFileType</key>
			<string>sourcecode.swift</string>
			<key>path</key>
			<string>searchList.swift</string>
			<key>sourceTree</key>
			<string>&lt;group&gt;</string>
		</dict>
		<key>D540DF941AC658C300C797D8</key>
		<dict>
			<key>fileRef</key>
			<string>D540DF931AC658C300C797D8</string>
			<key>isa</key>
			<string>PBXBuildFile</string>
		</dict>
		<key>D540DF951AC65EFB00C797D8</key>
		<dict>
			<key>fileEncoding</key>
			<string>4</string>
			<key>isa</key>
			<string>PBXFileReference</string>
			<key>lastKnownFileType</key>
			<string>sourcecode.swift</string>
			<key>path</key>
			<string>prefer.swift</string>
			<key>sourceTree</key>
			<string>&lt;group&gt;</string>
		</dict>
		<key>D540DF961AC65EFB00C797D8</key>
		<dict>
			<key>fileRef</key>
			<string>D540DF951AC65EFB00C797D8</string>
			<key>isa</key>
			<string>PBXBuildFile</string>
		</dict>
		<key>D59C071A1AA5147F00F4AB93</key>
		<dict>
			<key>fileEncoding</key>
			<string>4</string>
			<key>isa</key>
			<string>PBXFileReference</string>
			<key>lastKnownFileType</key>
			<string>sourcecode.swift</string>
			<key>path</key>
			<string>LoginViewController.swift</string>
			<key>sourceTree</key>
			<string>&lt;group&gt;</string>
		</dict>
		<key>D59C071B1AA5147F00F4AB93</key>
		<dict>
			<key>fileRef</key>
			<string>D59C071A1AA5147F00F4AB93</string>
			<key>isa</key>
			<string>PBXBuildFile</string>
		</dict>
		<key>DB0C36681AB20A530011B520</key>
		<dict>
			<key>fileEncoding</key>
			<string>4</string>
			<key>isa</key>
			<string>PBXFileReference</string>
			<key>lastKnownFileType</key>
			<string>sourcecode.swift</string>
			<key>path</key>
			<string>GetStartedViewController.swift</string>
			<key>sourceTree</key>
			<string>&lt;group&gt;</string>
		</dict>
		<key>DB0C36691AB20A530011B520</key>
		<dict>
			<key>fileRef</key>
			<string>DB0C36681AB20A530011B520</string>
			<key>isa</key>
			<string>PBXBuildFile</string>
		</dict>
		<key>DB0C366A1AB600240011B520</key>
		<dict>
			<key>fileEncoding</key>
			<string>4</string>
			<key>isa</key>
			<string>PBXFileReference</string>
			<key>lastKnownFileType</key>
			<string>sourcecode.swift</string>
			<key>path</key>
			<string>UserActivityViewController.swift</string>
			<key>sourceTree</key>
			<string>&lt;group&gt;</string>
		</dict>
		<key>DB0C366B1AB600240011B520</key>
		<dict>
			<key>fileRef</key>
			<string>DB0C366A1AB600240011B520</string>
			<key>isa</key>
			<string>PBXBuildFile</string>
		</dict>
		<key>DB128BA61AA50960007A8179</key>
		<dict>
			<key>isa</key>
			<string>PBXFileReference</string>
			<key>lastKnownFileType</key>
			<string>wrapper.framework</string>
			<key>name</key>
			<string>GoogleOpenSource.framework</string>
			<key>path</key>
			<string>GoogleWalletSDK/GoogleOpenSource.framework</string>
			<key>sourceTree</key>
			<string>&lt;group&gt;</string>
		</dict>
		<key>DB128BA71AA50960007A8179</key>
		<dict>
			<key>isa</key>
			<string>PBXFileReference</string>
			<key>lastKnownFileType</key>
			<string>wrapper.plug-in</string>
			<key>name</key>
			<string>GoogleWalletSDK.bundle</string>
			<key>path</key>
			<string>GoogleWalletSDK/GoogleWalletSDK.bundle</string>
			<key>sourceTree</key>
			<string>&lt;group&gt;</string>
		</dict>
		<key>DB128BA81AA50960007A8179</key>
		<dict>
			<key>isa</key>
			<string>PBXFileReference</string>
			<key>lastKnownFileType</key>
			<string>wrapper.framework</string>
			<key>name</key>
			<string>GoogleWalletSDK.framework</string>
			<key>path</key>
			<string>GoogleWalletSDK/GoogleWalletSDK.framework</string>
			<key>sourceTree</key>
			<string>&lt;group&gt;</string>
		</dict>
		<key>DB128BA91AA50960007A8179</key>
		<dict>
			<key>fileRef</key>
			<string>DB128BA61AA50960007A8179</string>
			<key>isa</key>
			<string>PBXBuildFile</string>
		</dict>
		<key>DB128BAA1AA50960007A8179</key>
		<dict>
			<key>fileRef</key>
			<string>DB128BA71AA50960007A8179</string>
			<key>isa</key>
			<string>PBXBuildFile</string>
		</dict>
		<key>DB128BAB1AA50960007A8179</key>
		<dict>
			<key>fileRef</key>
			<string>DB128BA81AA50960007A8179</string>
			<key>isa</key>
			<string>PBXBuildFile</string>
		</dict>
		<key>DB48B5E21AAC0042005A04D0</key>
		<dict>
			<key>children</key>
			<array>
				<string>DB48B5E31AAC0042005A04D0</string>
			</array>
			<key>isa</key>
			<string>PBXVariantGroup</string>
			<key>name</key>
			<string>LaunchScreen.xib</string>
			<key>sourceTree</key>
			<string>&lt;group&gt;</string>
		</dict>
		<key>DB48B5E31AAC0042005A04D0</key>
		<dict>
			<key>isa</key>
			<string>PBXFileReference</string>
			<key>lastKnownFileType</key>
			<string>file.xib</string>
			<key>name</key>
			<string>Base</string>
			<key>path</key>
			<string>Base.lproj/LaunchScreen.xib</string>
			<key>sourceTree</key>
			<string>&lt;group&gt;</string>
		</dict>
		<key>DB48B5E41AAC0042005A04D0</key>
		<dict>
			<key>children</key>
			<array>
				<string>DB48B5E51AAC0042005A04D0</string>
			</array>
			<key>isa</key>
			<string>PBXVariantGroup</string>
			<key>name</key>
			<string>Main.storyboard</string>
			<key>sourceTree</key>
			<string>&lt;group&gt;</string>
		</dict>
		<key>DB48B5E51AAC0042005A04D0</key>
		<dict>
			<key>isa</key>
			<string>PBXFileReference</string>
			<key>lastKnownFileType</key>
			<string>file.storyboard</string>
			<key>name</key>
			<string>Base</string>
			<key>path</key>
			<string>Base.lproj/Main.storyboard</string>
			<key>sourceTree</key>
			<string>&lt;group&gt;</string>
		</dict>
		<key>DB48B5E61AAC0042005A04D0</key>
		<dict>
			<key>fileRef</key>
			<string>DB48B5E21AAC0042005A04D0</string>
			<key>isa</key>
			<string>PBXBuildFile</string>
		</dict>
		<key>DB48B5E71AAC0042005A04D0</key>
		<dict>
			<key>fileRef</key>
			<string>DB48B5E41AAC0042005A04D0</string>
			<key>isa</key>
			<string>PBXBuildFile</string>
		</dict>
		<key>DB48B5E81AAC0573005A04D0</key>
		<dict>
			<key>fileEncoding</key>
			<string>4</string>
			<key>isa</key>
			<string>PBXFileReference</string>
			<key>lastKnownFileType</key>
			<string>sourcecode.swift</string>
			<key>path</key>
			<string>SignupViewController.swift</string>
			<key>sourceTree</key>
			<string>&lt;group&gt;</string>
		</dict>
		<key>DB48B5E91AAC0573005A04D0</key>
		<dict>
			<key>fileRef</key>
			<string>DB48B5E81AAC0573005A04D0</string>
			<key>isa</key>
			<string>PBXBuildFile</string>
		</dict>
		<key>DB50653F1AA920F7000DAE6B</key>
		<dict>
			<key>children</key>
			<array>
				<string>DBFC60731A9ABBCF001BE648</string>
				<string>DB0C36681AB20A530011B520</string>
				<string>D59C071A1AA5147F00F4AB93</string>
				<string>DB48B5E81AAC0573005A04D0</string>
				<string>DBABC97E1A952E9C00CE6497</string>
				<string>DB962D0E1A927055007D059D</string>
				<string>DB5065591AA921FB000DAE6B</string>
				<string>DB50655B1AA921FB000DAE6B</string>
				<string>DB50655A1AA921FB000DAE6B</string>
				<string>DB0C366A1AB600240011B520</string>
				<string>D540DF911AC657FC00C797D8</string>
				<string>D540DF931AC658C300C797D8</string>
			</array>
			<key>isa</key>
			<string>PBXGroup</string>
			<key>name</key>
			<string>ViewController</string>
			<key>sourceTree</key>
			<string>&lt;group&gt;</string>
		</dict>
		<key>DB5065411AA9211C000DAE6B</key>
		<dict>
			<key>children</key>
			<array>
				<string>DBD0C1AB1AA9732800150414</string>
				<string>DBD0C1AC1AA9732800150414</string>
				<string>DBD0C1AD1AA9732800150414</string>
				<string>DBD0C1AE1AA9732800150414</string>
			</array>
			<key>isa</key>
			<string>PBXGroup</string>
			<key>name</key>
			<string>Model</string>
			<key>sourceTree</key>
			<string>&lt;group&gt;</string>
		</dict>
		<key>DB5065421AA92154000DAE6B</key>
		<dict>
			<key>fileEncoding</key>
			<string>4</string>
			<key>isa</key>
			<string>PBXFileReference</string>
			<key>lastKnownFileType</key>
			<string>sourcecode.swift</string>
			<key>path</key>
			<string>User.swift</string>
			<key>sourceTree</key>
			<string>&lt;group&gt;</string>
		</dict>
		<key>DB5065441AA92154000DAE6B</key>
		<dict>
			<key>fileEncoding</key>
			<string>4</string>
			<key>isa</key>
			<string>PBXFileReference</string>
			<key>lastKnownFileType</key>
			<string>sourcecode.swift</string>
			<key>path</key>
			<string>Passenger.swift</string>
			<key>sourceTree</key>
			<string>&lt;group&gt;</string>
		</dict>
		<key>DB5065451AA92154000DAE6B</key>
		<dict>
			<key>fileEncoding</key>
			<string>4</string>
			<key>isa</key>
			<string>PBXFileReference</string>
			<key>lastKnownFileType</key>
			<string>sourcecode.swift</string>
			<key>path</key>
			<string>Driver.swift</string>
			<key>sourceTree</key>
			<string>&lt;group&gt;</string>
		</dict>
		<key>DB5065461AA92154000DAE6B</key>
		<dict>
			<key>fileEncoding</key>
			<string>4</string>
			<key>isa</key>
			<string>PBXFileReference</string>
			<key>lastKnownFileType</key>
			<string>sourcecode.swift</string>
			<key>path</key>
			<string>Notification.swift</string>
			<key>sourceTree</key>
			<string>&lt;group&gt;</string>
		</dict>
		<key>DB5065481AA92154000DAE6B</key>
		<dict>
			<key>fileRef</key>
			<string>DB5065421AA92154000DAE6B</string>
			<key>isa</key>
			<string>PBXBuildFile</string>
		</dict>
		<key>DB50654A1AA92154000DAE6B</key>
		<dict>
			<key>fileRef</key>
			<string>DB5065441AA92154000DAE6B</string>
			<key>isa</key>
			<string>PBXBuildFile</string>
		</dict>
		<key>DB50654B1AA92154000DAE6B</key>
		<dict>
			<key>fileRef</key>
			<string>DB5065451AA92154000DAE6B</string>
			<key>isa</key>
			<string>PBXBuildFile</string>
		</dict>
		<key>DB50654C1AA92154000DAE6B</key>
		<dict>
			<key>fileRef</key>
			<string>DB5065461AA92154000DAE6B</string>
			<key>isa</key>
			<string>PBXBuildFile</string>
		</dict>
		<key>DB5065591AA921FB000DAE6B</key>
		<dict>
			<key>fileEncoding</key>
			<string>4</string>
			<key>isa</key>
			<string>PBXFileReference</string>
			<key>lastKnownFileType</key>
			<string>sourcecode.swift</string>
			<key>path</key>
			<string>SearchViewController.swift</string>
			<key>sourceTree</key>
			<string>&lt;group&gt;</string>
		</dict>
		<key>DB50655A1AA921FB000DAE6B</key>
		<dict>
			<key>fileEncoding</key>
			<string>4</string>
			<key>isa</key>
			<string>PBXFileReference</string>
			<key>lastKnownFileType</key>
			<string>sourcecode.swift</string>
			<key>path</key>
			<string>PaymentViewController.swift</string>
			<key>sourceTree</key>
			<string>&lt;group&gt;</string>
		</dict>
		<key>DB50655B1AA921FB000DAE6B</key>
		<dict>
			<key>fileEncoding</key>
			<string>4</string>
			<key>isa</key>
			<string>PBXFileReference</string>
			<key>lastKnownFileType</key>
			<string>sourcecode.swift</string>
			<key>path</key>
			<string>NotificationsViewController.swift</string>
			<key>sourceTree</key>
			<string>&lt;group&gt;</string>
		</dict>
		<key>DB50655D1AA921FB000DAE6B</key>
		<dict>
			<key>fileRef</key>
			<string>DB5065591AA921FB000DAE6B</string>
			<key>isa</key>
			<string>PBXBuildFile</string>
		</dict>
		<key>DB50655E1AA921FB000DAE6B</key>
		<dict>
			<key>fileRef</key>
			<string>DB50655A1AA921FB000DAE6B</string>
			<key>isa</key>
			<string>PBXBuildFile</string>
		</dict>
		<key>DB50655F1AA921FB000DAE6B</key>
		<dict>
			<key>fileRef</key>
			<string>DB50655B1AA921FB000DAE6B</string>
			<key>isa</key>
			<string>PBXBuildFile</string>
		</dict>
		<key>DB5E03741A9C55260061A42B</key>
		<dict>
			<key>isa</key>
			<string>PBXFileReference</string>
			<key>lastKnownFileType</key>
			<string>wrapper.framework</string>
			<key>name</key>
			<string>AudioToolbox.framework</string>
			<key>path</key>
			<string>System/Library/Frameworks/AudioToolbox.framework</string>
			<key>sourceTree</key>
			<string>SDKROOT</string>
		</dict>
		<key>DB5E03751A9C55260061A42B</key>
		<dict>
			<key>isa</key>
			<string>PBXFileReference</string>
			<key>lastKnownFileType</key>
			<string>wrapper.framework</string>
			<key>name</key>
			<string>CFNetwork.framework</string>
			<key>path</key>
			<string>System/Library/Frameworks/CFNetwork.framework</string>
			<key>sourceTree</key>
			<string>SDKROOT</string>
		</dict>
		<key>DB5E03761A9C55260061A42B</key>
		<dict>
			<key>isa</key>
			<string>PBXFileReference</string>
			<key>lastKnownFileType</key>
			<string>wrapper.framework</string>
			<key>name</key>
			<string>CoreGraphics.framework</string>
			<key>path</key>
			<string>System/Library/Frameworks/CoreGraphics.framework</string>
			<key>sourceTree</key>
			<string>SDKROOT</string>
		</dict>
		<key>DB5E03771A9C55260061A42B</key>
		<dict>
			<key>isa</key>
			<string>PBXFileReference</string>
			<key>lastKnownFileType</key>
			<string>wrapper.framework</string>
			<key>name</key>
			<string>CoreLocation.framework</string>
			<key>path</key>
			<string>System/Library/Frameworks/CoreLocation.framework</string>
			<key>sourceTree</key>
			<string>SDKROOT</string>
		</dict>
		<key>DB5E03781A9C55260061A42B</key>
		<dict>
			<key>isa</key>
			<string>PBXFileReference</string>
			<key>lastKnownFileType</key>
			<string>wrapper.framework</string>
			<key>name</key>
			<string>MobileCoreServices.framework</string>
			<key>path</key>
			<string>System/Library/Frameworks/MobileCoreServices.framework</string>
			<key>sourceTree</key>
			<string>SDKROOT</string>
		</dict>
		<key>DB5E03791A9C55270061A42B</key>
		<dict>
			<key>isa</key>
			<string>PBXFileReference</string>
			<key>lastKnownFileType</key>
			<string>wrapper.framework</string>
			<key>name</key>
			<string>QuartzCore.framework</string>
			<key>path</key>
			<string>System/Library/Frameworks/QuartzCore.framework</string>
			<key>sourceTree</key>
			<string>SDKROOT</string>
		</dict>
		<key>DB5E037A1A9C55270061A42B</key>
		<dict>
			<key>isa</key>
			<string>PBXFileReference</string>
			<key>lastKnownFileType</key>
			<string>wrapper.framework</string>
			<key>name</key>
			<string>Security.framework</string>
			<key>path</key>
			<string>System/Library/Frameworks/Security.framework</string>
			<key>sourceTree</key>
			<string>SDKROOT</string>
		</dict>
		<key>DB5E037B1A9C55270061A42B</key>
		<dict>
			<key>isa</key>
			<string>PBXFileReference</string>
			<key>lastKnownFileType</key>
			<string>wrapper.framework</string>
			<key>name</key>
			<string>StoreKit.framework</string>
			<key>path</key>
			<string>System/Library/Frameworks/StoreKit.framework</string>
			<key>sourceTree</key>
			<string>SDKROOT</string>
		</dict>
		<key>DB5E037C1A9C55270061A42B</key>
		<dict>
			<key>isa</key>
			<string>PBXFileReference</string>
			<key>lastKnownFileType</key>
			<string>wrapper.framework</string>
			<key>name</key>
			<string>SystemConfiguration.framework</string>
			<key>path</key>
			<string>System/Library/Frameworks/SystemConfiguration.framework</string>
			<key>sourceTree</key>
			<string>SDKROOT</string>
		</dict>
		<key>DB5E037D1A9C55270061A42B</key>
		<dict>
			<key>fileRef</key>
			<string>DB5E03741A9C55260061A42B</string>
			<key>isa</key>
			<string>PBXBuildFile</string>
		</dict>
		<key>DB5E037E1A9C55270061A42B</key>
		<dict>
			<key>fileRef</key>
			<string>DB5E03751A9C55260061A42B</string>
			<key>isa</key>
			<string>PBXBuildFile</string>
		</dict>
		<key>DB5E037F1A9C55270061A42B</key>
		<dict>
			<key>fileRef</key>
			<string>DB5E03761A9C55260061A42B</string>
			<key>isa</key>
			<string>PBXBuildFile</string>
		</dict>
		<key>DB5E03801A9C55270061A42B</key>
		<dict>
			<key>fileRef</key>
			<string>DB5E03771A9C55260061A42B</string>
			<key>isa</key>
			<string>PBXBuildFile</string>
		</dict>
		<key>DB5E03811A9C55270061A42B</key>
		<dict>
			<key>fileRef</key>
			<string>DB5E03781A9C55260061A42B</string>
			<key>isa</key>
			<string>PBXBuildFile</string>
		</dict>
		<key>DB5E03821A9C55270061A42B</key>
		<dict>
			<key>fileRef</key>
			<string>DB5E03791A9C55270061A42B</string>
			<key>isa</key>
			<string>PBXBuildFile</string>
		</dict>
		<key>DB5E03831A9C55270061A42B</key>
		<dict>
			<key>fileRef</key>
			<string>DB5E037A1A9C55270061A42B</string>
			<key>isa</key>
			<string>PBXBuildFile</string>
		</dict>
		<key>DB5E03841A9C55270061A42B</key>
		<dict>
			<key>fileRef</key>
			<string>DB5E037B1A9C55270061A42B</string>
			<key>isa</key>
			<string>PBXBuildFile</string>
		</dict>
		<key>DB5E03851A9C55270061A42B</key>
		<dict>
			<key>fileRef</key>
			<string>DB5E037C1A9C55270061A42B</string>
			<key>isa</key>
			<string>PBXBuildFile</string>
		</dict>
		<key>DB5E03861A9C55900061A42B</key>
		<dict>
			<key>isa</key>
			<string>PBXFileReference</string>
			<key>lastKnownFileType</key>
			<string>wrapper.framework</string>
			<key>name</key>
			<string>Bolts.framework</string>
			<key>path</key>
			<string>Carpooling/Bolts.framework</string>
			<key>sourceTree</key>
			<string>&lt;group&gt;</string>
		</dict>
		<key>DB5E03871A9C55900061A42B</key>
		<dict>
			<key>isa</key>
			<string>PBXFileReference</string>
			<key>lastKnownFileType</key>
			<string>wrapper.framework</string>
			<key>name</key>
			<string>FacebookSDK.framework</string>
			<key>path</key>
			<string>Carpooling/FacebookSDK.framework</string>
			<key>sourceTree</key>
			<string>&lt;group&gt;</string>
		</dict>
		<key>DB5E03881A9C55900061A42B</key>
		<dict>
			<key>isa</key>
			<string>PBXFileReference</string>
			<key>lastKnownFileType</key>
			<string>wrapper.framework</string>
			<key>name</key>
			<string>FBAudienceNetwork.framework</string>
			<key>path</key>
			<string>Carpooling/FBAudienceNetwork.framework</string>
			<key>sourceTree</key>
			<string>&lt;group&gt;</string>
		</dict>
		<key>DB5E03891A9C55900061A42B</key>
		<dict>
			<key>fileRef</key>
			<string>DB5E03861A9C55900061A42B</string>
			<key>isa</key>
			<string>PBXBuildFile</string>
		</dict>
		<key>DB5E038A1A9C55900061A42B</key>
		<dict>
			<key>fileRef</key>
			<string>DB5E03871A9C55900061A42B</string>
			<key>isa</key>
			<string>PBXBuildFile</string>
		</dict>
		<key>DB5E038B1A9C55900061A42B</key>
		<dict>
			<key>fileRef</key>
			<string>DB5E03881A9C55900061A42B</string>
			<key>isa</key>
			<string>PBXBuildFile</string>
		</dict>
		<key>DB5E03961A9C55BA0061A42B</key>
		<dict>
			<key>isa</key>
			<string>PBXFileReference</string>
			<key>lastKnownFileType</key>
			<string>wrapper.framework</string>
			<key>name</key>
			<string>Parse.framework</string>
			<key>path</key>
			<string>Carpooling/Parse.framework</string>
			<key>sourceTree</key>
			<string>&lt;group&gt;</string>
		</dict>
		<key>DB5E03971A9C55BA0061A42B</key>
		<dict>
			<key>isa</key>
			<string>PBXFileReference</string>
			<key>lastKnownFileType</key>
			<string>wrapper.framework</string>
			<key>name</key>
			<string>ParseCrashReporting.framework</string>
			<key>path</key>
			<string>Carpooling/ParseCrashReporting.framework</string>
			<key>sourceTree</key>
			<string>&lt;group&gt;</string>
		</dict>
		<key>DB5E03981A9C55BA0061A42B</key>
		<dict>
			<key>isa</key>
			<string>PBXFileReference</string>
			<key>lastKnownFileType</key>
			<string>wrapper.framework</string>
			<key>name</key>
			<string>ParseFacebookUtils.framework</string>
			<key>path</key>
			<string>Carpooling/ParseFacebookUtils.framework</string>
			<key>sourceTree</key>
			<string>&lt;group&gt;</string>
		</dict>
		<key>DB5E03991A9C55BA0061A42B</key>
		<dict>
			<key>isa</key>
			<string>PBXFileReference</string>
			<key>lastKnownFileType</key>
			<string>wrapper.framework</string>
			<key>name</key>
			<string>ParseUI.framework</string>
			<key>path</key>
			<string>Carpooling/ParseUI.framework</string>
			<key>sourceTree</key>
			<string>&lt;group&gt;</string>
		</dict>
		<key>DB5E039A1A9C55BA0061A42B</key>
		<dict>
			<key>fileRef</key>
			<string>DB5E03961A9C55BA0061A42B</string>
			<key>isa</key>
			<string>PBXBuildFile</string>
		</dict>
		<key>DB5E039B1A9C55BA0061A42B</key>
		<dict>
			<key>fileRef</key>
			<string>DB5E03971A9C55BA0061A42B</string>
			<key>isa</key>
			<string>PBXBuildFile</string>
		</dict>
		<key>DB5E039C1A9C55BA0061A42B</key>
		<dict>
			<key>fileRef</key>
			<string>DB5E03981A9C55BA0061A42B</string>
			<key>isa</key>
			<string>PBXBuildFile</string>
		</dict>
		<key>DB5E039D1A9C55BA0061A42B</key>
		<dict>
			<key>fileRef</key>
			<string>DB5E03991A9C55BA0061A42B</string>
			<key>isa</key>
			<string>PBXBuildFile</string>
		</dict>
		<key>DB962CFE1A927055007D059D</key>
		<dict>
			<key>children</key>
			<array>
				<string>DBD138731ACB8FF2003ABA42</string>
				<string>DBD138741ACB8FF2003ABA42</string>
				<string>DBD138751ACB8FF2003ABA42</string>
				<string>DBD138761ACB8FF2003ABA42</string>
				<string>DBD138771ACB8FF2003ABA42</string>
				<string>DBD138781ACB8FF2003ABA42</string>
				<string>DB962D091A927055007D059D</string>
				<string>DB962D1F1A927056007D059D</string>
				<string>DB962D081A927055007D059D</string>
			</array>
			<key>isa</key>
			<string>PBXGroup</string>
			<key>sourceTree</key>
			<string>&lt;group&gt;</string>
		</dict>
		<key>DB962CFF1A927055007D059D</key>
		<dict>
			<key>attributes</key>
			<dict>
				<key>LastUpgradeCheck</key>
				<string>0610</string>
				<key>ORGANIZATIONNAME</key>
				<string>Software Eng. Proj.</string>
				<key>TargetAttributes</key>
				<dict>
					<key>DB962D061A927055007D059D</key>
					<dict>
						<key>CreatedOnToolsVersion</key>
						<string>6.1.1</string>
						<key>DevelopmentTeam</key>
						<string>625732G463</string>
					</dict>
					<key>DB962D1B1A927056007D059D</key>
					<dict>
						<key>CreatedOnToolsVersion</key>
						<string>6.1.1</string>
						<key>TestTargetID</key>
						<string>DB962D061A927055007D059D</string>
					</dict>
				</dict>
			</dict>
			<key>buildConfigurationList</key>
			<string>DB962D021A927055007D059D</string>
			<key>compatibilityVersion</key>
			<string>Xcode 3.2</string>
			<key>developmentRegion</key>
			<string>English</string>
			<key>hasScannedForEncodings</key>
			<string>0</string>
			<key>isa</key>
			<string>PBXProject</string>
			<key>knownRegions</key>
			<array>
				<string>en</string>
				<string>Base</string>
				<string>he</string>
			</array>
			<key>mainGroup</key>
			<string>DB962CFE1A927055007D059D</string>
			<key>productRefGroup</key>
			<string>DB962D081A927055007D059D</string>
			<key>projectDirPath</key>
			<string></string>
			<key>projectRoot</key>
			<string></string>
			<key>targets</key>
			<array>
				<string>DB962D061A927055007D059D</string>
				<string>DB962D1B1A927056007D059D</string>
				<string>a518b9aeaae6753a976f7e87</string>
			</array>
		</dict>
		<key>DB962D021A927055007D059D</key>
		<dict>
			<key>buildConfigurations</key>
			<array>
				<string>DB962D241A927056007D059D</string>
				<string>DB962D251A927056007D059D</string>
			</array>
			<key>defaultConfigurationIsVisible</key>
			<string>0</string>
			<key>defaultConfigurationName</key>
			<string>Release</string>
			<key>isa</key>
			<string>XCConfigurationList</string>
		</dict>
		<key>DB962D031A927055007D059D</key>
		<dict>
			<key>buildActionMask</key>
			<string>2147483647</string>
			<key>files</key>
			<array>
				<string>DB48B5E91AAC0573005A04D0</string>
				<string>DB50654C1AA92154000DAE6B</string>
				<string>DB0C366B1AB600240011B520</string>
				<string>D540DF941AC658C300C797D8</string>
				<string>DB50654B1AA92154000DAE6B</string>
				<string>DBD0C1B01AA9732800150414</string>
				<string>DB50655E1AA921FB000DAE6B</string>
				<string>DB50655F1AA921FB000DAE6B</string>
				<string>D59C071B1AA5147F00F4AB93</string>
				<string>DB50655D1AA921FB000DAE6B</string>
				<string>DBD0C1AF1AA9732800150414</string>
				<string>DBABC97F1A952E9C00CE6497</string>
				<string>DB962D0F1A927055007D059D</string>
				<string>D540DF961AC65EFB00C797D8</string>
				<string>D540DF921AC657FC00C797D8</string>
				<string>DB962D0D1A927055007D059D</string>
				<string>DB0C36691AB20A530011B520</string>
				<string>DBA92FCC1ACA73C100917454</string>
				<string>DB50654A1AA92154000DAE6B</string>
				<string>DB5065481AA92154000DAE6B</string>
				<string>DBFC60771A9ABBD0001BE648</string>
				<string>DBD0C1B21AA9732800150414</string>
				<string>DBD0C1B11AA9732800150414</string>
			</array>
			<key>isa</key>
			<string>PBXSourcesBuildPhase</string>
			<key>runOnlyForDeploymentPostprocessing</key>
			<string>0</string>
		</dict>
		<key>DB962D041A927055007D059D</key>
		<dict>
			<key>buildActionMask</key>
			<string>2147483647</string>
			<key>files</key>
			<array>
				<string>DBD138791ACB8FF2003ABA42</string>
				<string>DBD1387A1ACB8FF2003ABA42</string>
				<string>DBD1387B1ACB8FF2003ABA42</string>
				<string>DBD1387C1ACB8FF2003ABA42</string>
				<string>DBD1387D1ACB8FF2003ABA42</string>
				<string>DBD1387E1ACB8FF2003ABA42</string>
				<string>DB5E03851A9C55270061A42B</string>
				<string>DBACA7ED1A9CD4FC0072FA53</string>
				<string>DB5E037D1A9C55270061A42B</string>
				<string>DB5E037E1A9C55270061A42B</string>
				<string>DB5E037F1A9C55270061A42B</string>
				<string>DB5E03801A9C55270061A42B</string>
				<string>DB128BA91AA50960007A8179</string>
				<string>DB5E03811A9C55270061A42B</string>
				<string>DBACA7F11A9CE6710072FA53</string>
				<string>DB5E03821A9C55270061A42B</string>
				<string>DB5E03831A9C55270061A42B</string>
				<string>DB5E038B1A9C55900061A42B</string>
				<string>DB5E03841A9C55270061A42B</string>
				<string>DB128BAB1AA50960007A8179</string>
				<string>DB9AAA161A93F80D0087666C</string>
				<string>DBABC95F1A942EA300CE6497</string>
				<string>DB5E038A1A9C55900061A42B</string>
				<string>DB5E039A1A9C55BA0061A42B</string>
				<string>DBABC9601A942EA300CE6497</string>
				<string>DB9AAA1D1A93F9C70087666C</string>
				<string>DB5E039C1A9C55BA0061A42B</string>
				<string>DB5E039B1A9C55BA0061A42B</string>
				<string>DB5E039D1A9C55BA0061A42B</string>
				<string>DB5E03891A9C55900061A42B</string>
			</array>
			<key>isa</key>
			<string>PBXFrameworksBuildPhase</string>
			<key>runOnlyForDeploymentPostprocessing</key>
			<string>0</string>
		</dict>
		<key>DB962D051A927055007D059D</key>
		<dict>
			<key>buildActionMask</key>
			<string>2147483647</string>
			<key>files</key>
			<array>
				<string>DB48B5E61AAC0042005A04D0</string>
				<string>DB48B5E71AAC0042005A04D0</string>
				<string>DB962D141A927056007D059D</string>
				<string>DBACA7F01A9CE6710072FA53</string>
				<string>DB128BAA1AA50960007A8179</string>
			</array>
			<key>isa</key>
			<string>PBXResourcesBuildPhase</string>
			<key>runOnlyForDeploymentPostprocessing</key>
			<string>0</string>
		</dict>
		<key>DB962D061A927055007D059D</key>
		<dict>
			<key>buildConfigurationList</key>
			<string>DB962D261A927056007D059D</string>
			<key>buildPhases</key>
			<array>
				<string>DB962D031A927055007D059D</string>
				<string>DB962D041A927055007D059D</string>
				<string>DB962D051A927055007D059D</string>
			</array>
			<key>buildRules</key>
			<array/>
			<key>dependencies</key>
			<array/>
			<key>isa</key>
			<string>PBXNativeTarget</string>
			<key>name</key>
			<string>Carpooling</string>
			<key>productName</key>
			<string>Carpooling</string>
			<key>productReference</key>
			<string>DB962D071A927055007D059D</string>
			<key>productType</key>
			<string>com.apple.product-type.application</string>
		</dict>
		<key>DB962D071A927055007D059D</key>
		<dict>
			<key>explicitFileType</key>
			<string>wrapper.application</string>
			<key>includeInIndex</key>
			<string>0</string>
			<key>isa</key>
			<string>PBXFileReference</string>
			<key>path</key>
			<string>Carpooling.app</string>
			<key>sourceTree</key>
			<string>BUILT_PRODUCTS_DIR</string>
		</dict>
		<key>DB962D081A927055007D059D</key>
		<dict>
			<key>children</key>
			<array>
				<string>DB962D071A927055007D059D</string>
				<string>DB962D1C1A927056007D059D</string>
			</array>
			<key>isa</key>
			<string>PBXGroup</string>
			<key>name</key>
			<string>Products</string>
			<key>sourceTree</key>
			<string>&lt;group&gt;</string>
		</dict>
		<key>DB962D091A927055007D059D</key>
		<dict>
			<key>children</key>
			<array>
				<string>DBC815B01AD78E0A008F68AB</string>
				<string>DB48B5E21AAC0042005A04D0</string>
				<string>DB48B5E41AAC0042005A04D0</string>
				<string>DBD0C1AA1AA96F2100150414</string>
				<string>DB5065411AA9211C000DAE6B</string>
				<string>DB50653F1AA920F7000DAE6B</string>
				<string>DBACA7E91A9CD2F60072FA53</string>
				<string>DBABC9661A9432B900CE6497</string>
				<string>DB962D0C1A927055007D059D</string>
				<string>DB962D131A927056007D059D</string>
				<string>DB962D0A1A927055007D059D</string>
				<string>DB9AA9FB1A93F2CB0087666C</string>
			</array>
			<key>isa</key>
			<string>PBXGroup</string>
			<key>path</key>
			<string>Carpooling</string>
			<key>sourceTree</key>
			<string>&lt;group&gt;</string>
		</dict>
		<key>DB962D0A1A927055007D059D</key>
		<dict>
			<key>children</key>
			<array>
				<string>DB962D0B1A927055007D059D</string>
			</array>
			<key>isa</key>
			<string>PBXGroup</string>
			<key>name</key>
			<string>Supporting Files</string>
			<key>sourceTree</key>
			<string>&lt;group&gt;</string>
		</dict>
		<key>DB962D0B1A927055007D059D</key>
		<dict>
			<key>isa</key>
			<string>PBXFileReference</string>
			<key>lastKnownFileType</key>
			<string>text.plist.xml</string>
			<key>path</key>
			<string>Info.plist</string>
			<key>sourceTree</key>
			<string>&lt;group&gt;</string>
		</dict>
		<key>DB962D0C1A927055007D059D</key>
		<dict>
			<key>isa</key>
			<string>PBXFileReference</string>
			<key>lastKnownFileType</key>
			<string>sourcecode.swift</string>
			<key>path</key>
			<string>AppDelegate.swift</string>
			<key>sourceTree</key>
			<string>&lt;group&gt;</string>
		</dict>
		<key>DB962D0D1A927055007D059D</key>
		<dict>
			<key>fileRef</key>
			<string>DB962D0C1A927055007D059D</string>
			<key>isa</key>
			<string>PBXBuildFile</string>
		</dict>
		<key>DB962D0E1A927055007D059D</key>
		<dict>
			<key>isa</key>
			<string>PBXFileReference</string>
			<key>lastKnownFileType</key>
			<string>sourcecode.swift</string>
			<key>path</key>
			<string>PreferencesViewController.swift</string>
			<key>sourceTree</key>
			<string>&lt;group&gt;</string>
		</dict>
		<key>DB962D0F1A927055007D059D</key>
		<dict>
			<key>fileRef</key>
			<string>DB962D0E1A927055007D059D</string>
			<key>isa</key>
			<string>PBXBuildFile</string>
		</dict>
		<key>DB962D131A927056007D059D</key>
		<dict>
			<key>isa</key>
			<string>PBXFileReference</string>
			<key>lastKnownFileType</key>
			<string>folder.assetcatalog</string>
			<key>path</key>
			<string>Images.xcassets</string>
			<key>sourceTree</key>
			<string>&lt;group&gt;</string>
		</dict>
		<key>DB962D141A927056007D059D</key>
		<dict>
			<key>fileRef</key>
			<string>DB962D131A927056007D059D</string>
			<key>isa</key>
			<string>PBXBuildFile</string>
		</dict>
		<key>DB962D181A927056007D059D</key>
		<dict>
			<key>buildActionMask</key>
			<string>2147483647</string>
			<key>files</key>
			<array>
				<string>F58BBE2F1AD5CD060087BF5A</string>
				<string>F58BBE331AD5CD130087BF5A</string>
				<string>F58BBE3C1AD5CD490087BF5A</string>
				<string>F58BBE341AD5CD160087BF5A</string>
				<string>F58BBE2B1AD5CC580087BF5A</string>
				<string>F58BBE2C1AD5CC5B0087BF5A</string>
				<string>F58BBE311AD5CD0E0087BF5A</string>
				<string>DB962D231A927056007D059D</string>
				<string>F58BBE391AD5CD390087BF5A</string>
				<string>F58BBE361AD5CD1D0087BF5A</string>
				<string>F58BBE261AD5CBB20087BF5A</string>
				<string>F58BBE271AD5CBB40087BF5A</string>
				<string>F58BBE321AD5CD110087BF5A</string>
				<string>F58BBE291AD5CBBF0087BF5A</string>
				<string>F58BBE381AD5CD320087BF5A</string>
				<string>F58BBE3B1AD5CD420087BF5A</string>
				<string>F58BBE2E1AD5CD020087BF5A</string>
				<string>F58BBE301AD5CD0B0087BF5A</string>
				<string>F58BBE2A1AD5CC460087BF5A</string>
				<string>F58BBE3A1AD5CD3E0087BF5A</string>
				<string>F58BBE2D1AD5CC7C0087BF5A</string>
				<string>F58BBE351AD5CD1A0087BF5A</string>
			</array>
			<key>isa</key>
			<string>PBXSourcesBuildPhase</string>
			<key>runOnlyForDeploymentPostprocessing</key>
			<string>0</string>
		</dict>
		<key>DB962D191A927056007D059D</key>
		<dict>
			<key>buildActionMask</key>
			<string>2147483647</string>
			<key>files</key>
			<array>
				<string>F58BBE481AD5CD7E0087BF5A</string>
				<string>F58BBE511AD5CD950087BF5A</string>
				<string>F58BBE4D1AD5CD890087BF5A</string>
				<string>F58BBE521AD5CD980087BF5A</string>
				<string>F58BBE441AD5CD6A0087BF5A</string>
				<string>F58BBE401AD5CD5F0087BF5A</string>
				<string>F58BBE4A1AD5CD830087BF5A</string>
				<string>F58BBE491AD5CD800087BF5A</string>
				<string>F58BBE4B1AD5CD850087BF5A</string>
				<string>F58BBE3D1AD5CD560087BF5A</string>
				<string>F58BBE451AD5CD750087BF5A</string>
				<string>F58BBE4F1AD5CD900087BF5A</string>
				<string>F58BBE461AD5CD780087BF5A</string>
				<string>F58BBE431AD5CD680087BF5A</string>
				<string>F58BBE4C1AD5CD870087BF5A</string>
				<string>F58BBE471AD5CD7B0087BF5A</string>
				<string>F58BBE421AD5CD640087BF5A</string>
				<string>F58BBE501AD5CD930087BF5A</string>
				<string>F58BBE4E1AD5CD8D0087BF5A</string>
				<string>F58BBE3F1AD5CD5C0087BF5A</string>
			</array>
			<key>isa</key>
			<string>PBXFrameworksBuildPhase</string>
			<key>runOnlyForDeploymentPostprocessing</key>
			<string>0</string>
		</dict>
		<key>DB962D1A1A927056007D059D</key>
		<dict>
			<key>buildActionMask</key>
			<string>2147483647</string>
			<key>files</key>
			<array>
				<string>F58BBE541AD5CDA00087BF5A</string>
				<string>F58BBE3E1AD5CD590087BF5A</string>
				<string>F58BBE411AD5CD620087BF5A</string>
			</array>
			<key>isa</key>
			<string>PBXResourcesBuildPhase</string>
			<key>runOnlyForDeploymentPostprocessing</key>
			<string>0</string>
		</dict>
		<key>DB962D1B1A927056007D059D</key>
		<dict>
			<key>buildConfigurationList</key>
			<string>DB962D291A927056007D059D</string>
			<key>buildPhases</key>
			<array>
				<string>DB962D181A927056007D059D</string>
				<string>DB962D191A927056007D059D</string>
				<string>DB962D1A1A927056007D059D</string>
			</array>
			<key>buildRules</key>
			<array/>
			<key>dependencies</key>
			<array>
				<string>DB962D1E1A927056007D059D</string>
			</array>
			<key>isa</key>
			<string>PBXNativeTarget</string>
			<key>name</key>
			<string>CarpoolingTests</string>
			<key>productName</key>
			<string>CarpoolingTests</string>
			<key>productReference</key>
			<string>DB962D1C1A927056007D059D</string>
			<key>productType</key>
			<string>com.apple.product-type.bundle.unit-test</string>
		</dict>
		<key>DB962D1C1A927056007D059D</key>
		<dict>
			<key>explicitFileType</key>
			<string>wrapper.cfbundle</string>
			<key>includeInIndex</key>
			<string>0</string>
			<key>isa</key>
			<string>PBXFileReference</string>
			<key>path</key>
			<string>CarpoolingTests.xctest</string>
			<key>sourceTree</key>
			<string>BUILT_PRODUCTS_DIR</string>
		</dict>
		<key>DB962D1D1A927056007D059D</key>
		<dict>
			<key>containerPortal</key>
			<string>DB962CFF1A927055007D059D</string>
			<key>isa</key>
			<string>PBXContainerItemProxy</string>
			<key>proxyType</key>
			<string>1</string>
			<key>remoteGlobalIDString</key>
			<string>DB962D061A927055007D059D</string>
			<key>remoteInfo</key>
			<string>Carpooling</string>
		</dict>
		<key>DB962D1E1A927056007D059D</key>
		<dict>
			<key>isa</key>
			<string>PBXTargetDependency</string>
			<key>target</key>
			<string>DB962D061A927055007D059D</string>
			<key>targetProxy</key>
			<string>DB962D1D1A927056007D059D</string>
		</dict>
		<key>DB962D1F1A927056007D059D</key>
		<dict>
			<key>children</key>
			<array>
				<string>DB962D221A927056007D059D</string>
				<string>DB962D201A927056007D059D</string>
			</array>
			<key>isa</key>
			<string>PBXGroup</string>
			<key>path</key>
			<string>CarpoolingTests</string>
			<key>sourceTree</key>
			<string>&lt;group&gt;</string>
		</dict>
		<key>DB962D201A927056007D059D</key>
		<dict>
			<key>children</key>
			<array>
				<string>DB962D211A927056007D059D</string>
			</array>
			<key>isa</key>
			<string>PBXGroup</string>
			<key>name</key>
			<string>Supporting Files</string>
			<key>sourceTree</key>
			<string>&lt;group&gt;</string>
		</dict>
		<key>DB962D211A927056007D059D</key>
		<dict>
			<key>isa</key>
			<string>PBXFileReference</string>
			<key>lastKnownFileType</key>
			<string>text.plist.xml</string>
			<key>path</key>
			<string>Info.plist</string>
			<key>sourceTree</key>
			<string>&lt;group&gt;</string>
		</dict>
		<key>DB962D221A927056007D059D</key>
		<dict>
			<key>isa</key>
			<string>PBXFileReference</string>
			<key>lastKnownFileType</key>
			<string>sourcecode.swift</string>
			<key>path</key>
			<string>CarpoolingTests.swift</string>
			<key>sourceTree</key>
			<string>&lt;group&gt;</string>
		</dict>
		<key>DB962D231A927056007D059D</key>
		<dict>
			<key>fileRef</key>
			<string>DB962D221A927056007D059D</string>
			<key>isa</key>
			<string>PBXBuildFile</string>
		</dict>
		<key>DB962D241A927056007D059D</key>
		<dict>
			<key>buildSettings</key>
			<dict>
				<key>ALWAYS_SEARCH_USER_PATHS</key>
				<string>NO</string>
				<key>CLANG_CXX_LANGUAGE_STANDARD</key>
				<string>gnu++0x</string>
				<key>CLANG_CXX_LIBRARY</key>
				<string>libc++</string>
				<key>CLANG_ENABLE_MODULES</key>
				<string>YES</string>
				<key>CLANG_ENABLE_OBJC_ARC</key>
				<string>YES</string>
				<key>CLANG_WARN_BOOL_CONVERSION</key>
				<string>YES</string>
				<key>CLANG_WARN_CONSTANT_CONVERSION</key>
				<string>YES</string>
				<key>CLANG_WARN_DIRECT_OBJC_ISA_USAGE</key>
				<string>YES_ERROR</string>
				<key>CLANG_WARN_EMPTY_BODY</key>
				<string>YES</string>
				<key>CLANG_WARN_ENUM_CONVERSION</key>
				<string>YES</string>
				<key>CLANG_WARN_INT_CONVERSION</key>
				<string>YES</string>
				<key>CLANG_WARN_OBJC_ROOT_CLASS</key>
				<string>YES_ERROR</string>
				<key>CLANG_WARN_UNREACHABLE_CODE</key>
				<string>YES</string>
				<key>CLANG_WARN__DUPLICATE_METHOD_MATCH</key>
				<string>YES</string>
				<key>CODE_SIGN_IDENTITY[sdk=iphoneos*]</key>
				<string>iPhone Developer</string>
				<key>COPY_PHASE_STRIP</key>
				<string>NO</string>
				<key>ENABLE_STRICT_OBJC_MSGSEND</key>
				<string>YES</string>
				<key>GCC_C_LANGUAGE_STANDARD</key>
				<string>gnu99</string>
				<key>GCC_DYNAMIC_NO_PIC</key>
				<string>NO</string>
				<key>GCC_OPTIMIZATION_LEVEL</key>
				<string>0</string>
				<key>GCC_PREPROCESSOR_DEFINITIONS</key>
				<array>
					<string>DEBUG=1</string>
					<string>$(inherited)</string>
				</array>
				<key>GCC_SYMBOLS_PRIVATE_EXTERN</key>
				<string>NO</string>
				<key>GCC_WARN_64_TO_32_BIT_CONVERSION</key>
				<string>YES</string>
				<key>GCC_WARN_ABOUT_RETURN_TYPE</key>
				<string>YES_ERROR</string>
				<key>GCC_WARN_UNDECLARED_SELECTOR</key>
				<string>YES</string>
				<key>GCC_WARN_UNINITIALIZED_AUTOS</key>
				<string>YES_AGGRESSIVE</string>
				<key>GCC_WARN_UNUSED_FUNCTION</key>
				<string>YES</string>
				<key>GCC_WARN_UNUSED_VARIABLE</key>
				<string>YES</string>
				<key>IPHONEOS_DEPLOYMENT_TARGET</key>
				<string>8.1</string>
				<key>MTL_ENABLE_DEBUG_INFO</key>
				<string>YES</string>
				<key>ONLY_ACTIVE_ARCH</key>
				<string>YES</string>
				<key>SDKROOT</key>
				<string>iphoneos</string>
				<key>SWIFT_OPTIMIZATION_LEVEL</key>
				<string>-Onone</string>
			</dict>
			<key>isa</key>
			<string>XCBuildConfiguration</string>
			<key>name</key>
			<string>Debug</string>
		</dict>
		<key>DB962D251A927056007D059D</key>
		<dict>
			<key>buildSettings</key>
			<dict>
				<key>ALWAYS_SEARCH_USER_PATHS</key>
				<string>NO</string>
				<key>CLANG_CXX_LANGUAGE_STANDARD</key>
				<string>gnu++0x</string>
				<key>CLANG_CXX_LIBRARY</key>
				<string>libc++</string>
				<key>CLANG_ENABLE_MODULES</key>
				<string>YES</string>
				<key>CLANG_ENABLE_OBJC_ARC</key>
				<string>YES</string>
				<key>CLANG_WARN_BOOL_CONVERSION</key>
				<string>YES</string>
				<key>CLANG_WARN_CONSTANT_CONVERSION</key>
				<string>YES</string>
				<key>CLANG_WARN_DIRECT_OBJC_ISA_USAGE</key>
				<string>YES_ERROR</string>
				<key>CLANG_WARN_EMPTY_BODY</key>
				<string>YES</string>
				<key>CLANG_WARN_ENUM_CONVERSION</key>
				<string>YES</string>
				<key>CLANG_WARN_INT_CONVERSION</key>
				<string>YES</string>
				<key>CLANG_WARN_OBJC_ROOT_CLASS</key>
				<string>YES_ERROR</string>
				<key>CLANG_WARN_UNREACHABLE_CODE</key>
				<string>YES</string>
				<key>CLANG_WARN__DUPLICATE_METHOD_MATCH</key>
				<string>YES</string>
				<key>CODE_SIGN_IDENTITY[sdk=iphoneos*]</key>
				<string>iPhone Developer</string>
				<key>COPY_PHASE_STRIP</key>
				<string>YES</string>
				<key>ENABLE_NS_ASSERTIONS</key>
				<string>NO</string>
				<key>ENABLE_STRICT_OBJC_MSGSEND</key>
				<string>YES</string>
				<key>GCC_C_LANGUAGE_STANDARD</key>
				<string>gnu99</string>
				<key>GCC_WARN_64_TO_32_BIT_CONVERSION</key>
				<string>YES</string>
				<key>GCC_WARN_ABOUT_RETURN_TYPE</key>
				<string>YES_ERROR</string>
				<key>GCC_WARN_UNDECLARED_SELECTOR</key>
				<string>YES</string>
				<key>GCC_WARN_UNINITIALIZED_AUTOS</key>
				<string>YES_AGGRESSIVE</string>
				<key>GCC_WARN_UNUSED_FUNCTION</key>
				<string>YES</string>
				<key>GCC_WARN_UNUSED_VARIABLE</key>
				<string>YES</string>
				<key>IPHONEOS_DEPLOYMENT_TARGET</key>
				<string>8.1</string>
				<key>MTL_ENABLE_DEBUG_INFO</key>
				<string>NO</string>
				<key>SDKROOT</key>
				<string>iphoneos</string>
				<key>VALIDATE_PRODUCT</key>
				<string>YES</string>
			</dict>
			<key>isa</key>
			<string>XCBuildConfiguration</string>
			<key>name</key>
			<string>Release</string>
		</dict>
		<key>DB962D261A927056007D059D</key>
		<dict>
			<key>buildConfigurations</key>
			<array>
				<string>DB962D271A927056007D059D</string>
				<string>DB962D281A927056007D059D</string>
			</array>
			<key>defaultConfigurationIsVisible</key>
			<string>0</string>
			<key>defaultConfigurationName</key>
			<string>Release</string>
			<key>isa</key>
			<string>XCConfigurationList</string>
		</dict>
		<key>DB962D271A927056007D059D</key>
		<dict>
			<key>buildSettings</key>
			<dict>
				<key>ASSETCATALOG_COMPILER_APPICON_NAME</key>
				<string>AppIcon</string>
				<key>CLANG_ENABLE_MODULES</key>
				<string>YES</string>
				<key>CODE_SIGN_IDENTITY</key>
				<string>iPhone Developer</string>
				<key>CODE_SIGN_IDENTITY[sdk=iphoneos*]</key>
				<string>iPhone Developer</string>
				<key>FRAMEWORK_SEARCH_PATHS</key>
				<array>
					<string>$(inherited)</string>
					<string>$(PROJECT_DIR)/GoogleMapsSDK</string>
					<string>$(PROJECT_DIR)/GoogleWalletSDK</string>
					<string>$(PROJECT_DIR)/parse-library-1</string>
					<string>$(PROJECT_DIR)/FacebookSDK</string>
					<string>$(PROJECT_DIR)</string>
					<string>/Users/cesar/Desktop/Software</string>
					<string>Engineering/GoogleWalletSDK</string>
				</array>
				<key>FRAMEWORK_SEARCH_PATHS[arch=*]</key>
				<array>
					<string>$(inherited)</string>
					<string>$(PROJECT_DIR)/parse-library-1</string>
					<string>$(PROJECT_DIR)/GoogleWalletSDK</string>
					<string>$(PROJECT_DIR)/GoogleMapsSDK</string>
					<string>$(PROJECT_DIR)/FacebookSDK</string>
				</array>
				<key>INFOPLIST_FILE</key>
				<string>Carpooling/Info.plist</string>
				<key>IPHONEOS_DEPLOYMENT_TARGET</key>
				<string>8.1</string>
				<key>LD_RUNPATH_SEARCH_PATHS</key>
				<string>$(inherited) @executable_path/Frameworks</string>
				<key>LIBRARY_SEARCH_PATHS</key>
				<array>
					<string>$(inherited)</string>
					<string>$(FRANK_LIBRARY_SEARCH_PATHS)</string>
				</array>
				<key>OTHER_LDFLAGS</key>
				<array>
					<string>$(inherited)</string>
					<string>$(FRANK_LDFLAGS)</string>
				</array>
				<key>PRODUCT_NAME</key>
				<string>Carpooling</string>
				<key>PROVISIONING_PROFILE</key>
				<string></string>
				<key>SWIFT_OBJC_BRIDGING_HEADER</key>
				<string>Carpooling/Carpooling-Bridging-Header.h</string>
				<key>SWIFT_OBJC_BRIDGING_HEADER[arch=*]</key>
				<string>Carpooling/Carpooling-Bridging-Header.h</string>
				<key>SWIFT_OPTIMIZATION_LEVEL</key>
				<string>-Onone</string>
				<key>TARGETED_DEVICE_FAMILY</key>
				<string>1</string>
			</dict>
			<key>isa</key>
			<string>XCBuildConfiguration</string>
			<key>name</key>
			<string>Debug</string>
		</dict>
		<key>DB962D281A927056007D059D</key>
		<dict>
			<key>buildSettings</key>
			<dict>
				<key>ASSETCATALOG_COMPILER_APPICON_NAME</key>
				<string>AppIcon</string>
				<key>CLANG_ENABLE_MODULES</key>
				<string>YES</string>
				<key>CODE_SIGN_IDENTITY</key>
				<string>iPhone Developer</string>
				<key>CODE_SIGN_IDENTITY[sdk=iphoneos*]</key>
				<string>iPhone Developer</string>
				<key>FRAMEWORK_SEARCH_PATHS</key>
				<array>
					<string>$(PROJECT_DIR)/GoogleMapsSDK</string>
					<string>$(PROJECT_DIR)</string>
					<string>/Users/cesar/Desktop/Software</string>
					<string>Engineering/GoogleWalletSDK</string>
					<string>$(PROJECT_DIR)/GoogleWalletSDK</string>
				</array>
				<key>INFOPLIST_FILE</key>
				<string>Carpooling/Info.plist</string>
				<key>IPHONEOS_DEPLOYMENT_TARGET</key>
				<string>8.1</string>
				<key>LD_RUNPATH_SEARCH_PATHS</key>
				<string>$(inherited) @executable_path/Frameworks</string>
				<key>LIBRARY_SEARCH_PATHS</key>
				<string></string>
				<key>OTHER_LDFLAGS</key>
				<string></string>
				<key>PRODUCT_NAME</key>
				<string>Carpooling</string>
				<key>PROVISIONING_PROFILE</key>
				<string></string>
				<key>SWIFT_OBJC_BRIDGING_HEADER</key>
				<string>Carpooling/Carpooling-Bridging-Header.h</string>
				<key>TARGETED_DEVICE_FAMILY</key>
				<string>1</string>
			</dict>
			<key>isa</key>
			<string>XCBuildConfiguration</string>
			<key>name</key>
			<string>Release</string>
		</dict>
		<key>DB962D291A927056007D059D</key>
		<dict>
			<key>buildConfigurations</key>
			<array>
				<string>DB962D2A1A927056007D059D</string>
				<string>DB962D2B1A927056007D059D</string>
			</array>
			<key>defaultConfigurationIsVisible</key>
			<string>0</string>
			<key>defaultConfigurationName</key>
			<string>Release</string>
			<key>isa</key>
			<string>XCConfigurationList</string>
		</dict>
		<key>DB962D2A1A927056007D059D</key>
		<dict>
			<key>buildSettings</key>
			<dict>
				<key>BUNDLE_LOADER</key>
				<string>$(TEST_HOST)</string>
				<key>FRAMEWORK_SEARCH_PATHS</key>
				<array>
					<string>$(SDKROOT)/Developer/Library/Frameworks</string>
					<string>$(inherited)</string>
					<string>$(PROJECT_DIR)/GoogleWalletSDK</string>
					<string>$(PROJECT_DIR)/FacebookSDK</string>
					<string>$(PROJECT_DIR)/GoogleMapsSDK</string>
					<string>$(PROJECT_DIR)/Carpooling</string>
				</array>
				<key>GCC_PREPROCESSOR_DEFINITIONS</key>
				<array>
					<string>DEBUG=1</string>
					<string>$(inherited)</string>
				</array>
				<key>INFOPLIST_FILE</key>
				<string>CarpoolingTests/Info.plist</string>
				<key>LD_RUNPATH_SEARCH_PATHS</key>
				<string>$(inherited) @executable_path/Frameworks @loader_path/Frameworks</string>
				<key>LIBRARY_SEARCH_PATHS</key>
				<array>
					<string>$(inherited)</string>
					<string>$(FRANK_LIBRARY_SEARCH_PATHS)</string>
				</array>
				<key>OTHER_LDFLAGS</key>
				<array>
					<string>$(inherited)</string>
					<string>$(FRANK_LDFLAGS)</string>
				</array>
				<key>PRODUCT_NAME</key>
				<string>CarpoolingTests</string>
				<key>TEST_HOST</key>
				<string>$(BUILT_PRODUCTS_DIR)/Carpooling.app/Carpooling</string>
			</dict>
			<key>isa</key>
			<string>XCBuildConfiguration</string>
			<key>name</key>
			<string>Debug</string>
		</dict>
		<key>DB962D2B1A927056007D059D</key>
		<dict>
			<key>buildSettings</key>
			<dict>
				<key>BUNDLE_LOADER</key>
				<string>$(TEST_HOST)</string>
				<key>FRAMEWORK_SEARCH_PATHS</key>
				<array>
					<string>$(SDKROOT)/Developer/Library/Frameworks</string>
					<string>$(inherited)</string>
					<string>$(PROJECT_DIR)/GoogleWalletSDK</string>
					<string>$(PROJECT_DIR)/FacebookSDK</string>
					<string>$(PROJECT_DIR)/GoogleMapsSDK</string>
					<string>$(PROJECT_DIR)/Carpooling</string>
				</array>
				<key>INFOPLIST_FILE</key>
				<string>CarpoolingTests/Info.plist</string>
				<key>LD_RUNPATH_SEARCH_PATHS</key>
				<string>$(inherited) @executable_path/Frameworks @loader_path/Frameworks</string>
				<key>PRODUCT_NAME</key>
				<string>CarpoolingTests</string>
				<key>TEST_HOST</key>
				<string>$(BUILT_PRODUCTS_DIR)/Carpooling.app/Carpooling</string>
			</dict>
			<key>isa</key>
			<string>XCBuildConfiguration</string>
			<key>name</key>
			<string>Release</string>
		</dict>
		<key>DB9AA9FB1A93F2CB0087666C</key>
		<dict>
			<key>isa</key>
			<string>PBXFileReference</string>
			<key>lastKnownFileType</key>
			<string>sourcecode.c.h</string>
			<key>path</key>
			<string>Carpooling-Bridging-Header.h</string>
			<key>sourceTree</key>
			<string>&lt;group&gt;</string>
		</dict>
		<key>DB9AAA0D1A93F80D0087666C</key>
		<dict>
			<key>isa</key>
			<string>PBXFileReference</string>
			<key>lastKnownFileType</key>
			<string>compiled.mach-o.dylib</string>
			<key>name</key>
			<string>libz.dylib</string>
			<key>path</key>
			<string>usr/lib/libz.dylib</string>
			<key>sourceTree</key>
			<string>SDKROOT</string>
		</dict>
		<key>DB9AAA161A93F80D0087666C</key>
		<dict>
			<key>fileRef</key>
			<string>DB9AAA0D1A93F80D0087666C</string>
			<key>isa</key>
			<string>PBXBuildFile</string>
		</dict>
		<key>DB9AAA1C1A93F9C70087666C</key>
		<dict>
			<key>isa</key>
			<string>PBXFileReference</string>
			<key>lastKnownFileType</key>
			<string>compiled.mach-o.dylib</string>
			<key>name</key>
			<string>libsqlite3.dylib</string>
			<key>path</key>
			<string>usr/lib/libsqlite3.dylib</string>
			<key>sourceTree</key>
			<string>SDKROOT</string>
		</dict>
		<key>DB9AAA1D1A93F9C70087666C</key>
		<dict>
			<key>fileRef</key>
			<string>DB9AAA1C1A93F9C70087666C</string>
			<key>isa</key>
			<string>PBXBuildFile</string>
		</dict>
		<key>DBA92FCB1ACA73C100917454</key>
		<dict>
			<key>fileEncoding</key>
			<string>4</string>
			<key>isa</key>
			<string>PBXFileReference</string>
			<key>lastKnownFileType</key>
			<string>sourcecode.swift</string>
			<key>path</key>
			<string>Login.swift</string>
			<key>sourceTree</key>
			<string>&lt;group&gt;</string>
		</dict>
		<key>DBA92FCC1ACA73C100917454</key>
		<dict>
			<key>fileRef</key>
			<string>DBA92FCB1ACA73C100917454</string>
			<key>isa</key>
			<string>PBXBuildFile</string>
		</dict>
		<key>DBABC9571A942EA300CE6497</key>
		<dict>
			<key>isa</key>
			<string>PBXFileReference</string>
			<key>lastKnownFileType</key>
			<string>compiled.mach-o.dylib</string>
			<key>name</key>
			<string>libc++.dylib</string>
			<key>path</key>
			<string>usr/lib/libc++.dylib</string>
			<key>sourceTree</key>
			<string>SDKROOT</string>
		</dict>
		<key>DBABC9581A942EA300CE6497</key>
		<dict>
			<key>isa</key>
			<string>PBXFileReference</string>
			<key>lastKnownFileType</key>
			<string>compiled.mach-o.dylib</string>
			<key>name</key>
			<string>libicucore.dylib</string>
			<key>path</key>
			<string>usr/lib/libicucore.dylib</string>
			<key>sourceTree</key>
			<string>SDKROOT</string>
		</dict>
		<key>DBABC95F1A942EA300CE6497</key>
		<dict>
			<key>fileRef</key>
			<string>DBABC9571A942EA300CE6497</string>
			<key>isa</key>
			<string>PBXBuildFile</string>
		</dict>
		<key>DBABC9601A942EA300CE6497</key>
		<dict>
			<key>fileRef</key>
			<string>DBABC9581A942EA300CE6497</string>
			<key>isa</key>
			<string>PBXBuildFile</string>
		</dict>
		<key>DBABC9661A9432B900CE6497</key>
		<dict>
			<key>children</key>
			<array>
				<string>DBABC9571A942EA300CE6497</string>
				<string>DBABC9581A942EA300CE6497</string>
				<string>DB9AAA1C1A93F9C70087666C</string>
				<string>DB9AAA0D1A93F80D0087666C</string>
			</array>
			<key>isa</key>
			<string>PBXGroup</string>
			<key>name</key>
			<string>Libraries</string>
			<key>sourceTree</key>
			<string>&lt;group&gt;</string>
		</dict>
		<key>DBABC97E1A952E9C00CE6497</key>
		<dict>
			<key>fileEncoding</key>
			<string>4</string>
			<key>isa</key>
			<string>PBXFileReference</string>
			<key>lastKnownFileType</key>
			<string>sourcecode.swift</string>
			<key>path</key>
			<string>ProfileViewController.swift</string>
			<key>sourceTree</key>
			<string>&lt;group&gt;</string>
		</dict>
		<key>DBABC97F1A952E9C00CE6497</key>
		<dict>
			<key>fileRef</key>
			<string>DBABC97E1A952E9C00CE6497</string>
			<key>isa</key>
			<string>PBXBuildFile</string>
		</dict>
		<key>DBACA7E91A9CD2F60072FA53</key>
		<dict>
			<key>children</key>
			<array>
				<string>DB128BA61AA50960007A8179</string>
				<string>DB128BA71AA50960007A8179</string>
				<string>DB128BA81AA50960007A8179</string>
				<string>DBACA7EC1A9CD4FC0072FA53</string>
				<string>DBACA7EE1A9CE6710072FA53</string>
				<string>DBACA7EF1A9CE6710072FA53</string>
				<string>DB5E03741A9C55260061A42B</string>
				<string>DB5E03751A9C55260061A42B</string>
				<string>DB5E03761A9C55260061A42B</string>
				<string>DB5E03771A9C55260061A42B</string>
				<string>DB5E03781A9C55260061A42B</string>
				<string>DB5E03791A9C55270061A42B</string>
				<string>DB5E037A1A9C55270061A42B</string>
				<string>DB5E037B1A9C55270061A42B</string>
				<string>DB5E037C1A9C55270061A42B</string>
				<string>DB5E03961A9C55BA0061A42B</string>
				<string>DB5E03971A9C55BA0061A42B</string>
				<string>DB5E03981A9C55BA0061A42B</string>
				<string>DB5E03991A9C55BA0061A42B</string>
				<string>DB5E03861A9C55900061A42B</string>
				<string>DB5E03871A9C55900061A42B</string>
				<string>DB5E03881A9C55900061A42B</string>
			</array>
			<key>isa</key>
			<string>PBXGroup</string>
			<key>name</key>
			<string>Framework</string>
			<key>path</key>
			<string>..</string>
			<key>sourceTree</key>
			<string>&lt;group&gt;</string>
		</dict>
		<key>DBACA7EC1A9CD4FC0072FA53</key>
		<dict>
			<key>isa</key>
			<string>PBXFileReference</string>
			<key>lastKnownFileType</key>
			<string>wrapper.framework</string>
			<key>name</key>
			<string>Bolts.framework</string>
			<key>path</key>
			<string>FacebookSDK/Bolts.framework</string>
			<key>sourceTree</key>
			<string>&lt;group&gt;</string>
		</dict>
		<key>DBACA7ED1A9CD4FC0072FA53</key>
		<dict>
			<key>fileRef</key>
			<string>DBACA7EC1A9CD4FC0072FA53</string>
			<key>isa</key>
			<string>PBXBuildFile</string>
		</dict>
		<key>DBACA7EE1A9CE6710072FA53</key>
		<dict>
			<key>isa</key>
			<string>PBXFileReference</string>
			<key>lastKnownFileType</key>
			<string>wrapper.plug-in</string>
			<key>name</key>
			<string>GoogleMaps.bundle</string>
			<key>path</key>
			<string>GoogleMapsSDK/GoogleMaps.bundle</string>
			<key>sourceTree</key>
			<string>&lt;group&gt;</string>
		</dict>
		<key>DBACA7EF1A9CE6710072FA53</key>
		<dict>
			<key>isa</key>
			<string>PBXFileReference</string>
			<key>lastKnownFileType</key>
			<string>wrapper.framework</string>
			<key>name</key>
			<string>GoogleMaps.framework</string>
			<key>path</key>
			<string>GoogleMapsSDK/GoogleMaps.framework</string>
			<key>sourceTree</key>
			<string>&lt;group&gt;</string>
		</dict>
		<key>DBACA7F01A9CE6710072FA53</key>
		<dict>
			<key>fileRef</key>
			<string>DBACA7EE1A9CE6710072FA53</string>
			<key>isa</key>
			<string>PBXBuildFile</string>
		</dict>
		<key>DBACA7F11A9CE6710072FA53</key>
		<dict>
			<key>fileRef</key>
			<string>DBACA7EF1A9CE6710072FA53</string>
			<key>isa</key>
			<string>PBXBuildFile</string>
		</dict>
		<key>DBC815B01AD78E0A008F68AB</key>
		<dict>
			<key>children</key>
			<array>
				<string>003e57bb75ceca440c5098f2</string>
			</array>
			<key>isa</key>
			<string>PBXGroup</string>
			<key>name</key>
			<string>Frameworks</string>
			<key>path</key>
			<string>Carpooling</string>
			<key>sourceTree</key>
			<string>&lt;group&gt;</string>
		</dict>
		<key>DBD0C1AA1AA96F2100150414</key>
		<dict>
			<key>children</key>
			<array>
				<string>DBA92FCB1ACA73C100917454</string>
				<string>DB5065421AA92154000DAE6B</string>
				<string>D5310F011AA7E80A003B9F64</string>
				<string>DB5065441AA92154000DAE6B</string>
				<string>DB5065451AA92154000DAE6B</string>
				<string>DB5065461AA92154000DAE6B</string>
				<string>D540DF951AC65EFB00C797D8</string>
			</array>
			<key>isa</key>
			<string>PBXGroup</string>
			<key>name</key>
			<string>Classes</string>
			<key>sourceTree</key>
			<string>&lt;group&gt;</string>
		</dict>
		<key>DBD0C1AB1AA9732800150414</key>
		<dict>
			<key>fileEncoding</key>
			<string>4</string>
			<key>isa</key>
			<string>PBXFileReference</string>
			<key>lastKnownFileType</key>
			<string>sourcecode.swift</string>
			<key>path</key>
			<string>FacebookModel.swift</string>
			<key>sourceTree</key>
			<string>&lt;group&gt;</string>
		</dict>
		<key>DBD0C1AC1AA9732800150414</key>
		<dict>
			<key>fileEncoding</key>
			<string>4</string>
			<key>isa</key>
			<string>PBXFileReference</string>
			<key>lastKnownFileType</key>
			<string>sourcecode.swift</string>
			<key>path</key>
			<string>GoogleMapsModel.swift</string>
			<key>sourceTree</key>
			<string>&lt;group&gt;</string>
		</dict>
		<key>DBD0C1AD1AA9732800150414</key>
		<dict>
			<key>fileEncoding</key>
			<string>4</string>
			<key>isa</key>
			<string>PBXFileReference</string>
			<key>lastKnownFileType</key>
			<string>sourcecode.swift</string>
			<key>path</key>
			<string>GoogleWalletModel.swift</string>
			<key>sourceTree</key>
			<string>&lt;group&gt;</string>
		</dict>
		<key>DBD0C1AE1AA9732800150414</key>
		<dict>
			<key>fileEncoding</key>
			<string>4</string>
			<key>isa</key>
			<string>PBXFileReference</string>
			<key>lastKnownFileType</key>
			<string>sourcecode.swift</string>
			<key>path</key>
			<string>ParseModel.swift</string>
			<key>sourceTree</key>
			<string>&lt;group&gt;</string>
		</dict>
		<key>DBD0C1AF1AA9732800150414</key>
		<dict>
			<key>fileRef</key>
			<string>DBD0C1AB1AA9732800150414</string>
			<key>isa</key>
			<string>PBXBuildFile</string>
		</dict>
		<key>DBD0C1B01AA9732800150414</key>
		<dict>
			<key>fileRef</key>
			<string>DBD0C1AC1AA9732800150414</string>
			<key>isa</key>
			<string>PBXBuildFile</string>
		</dict>
		<key>DBD0C1B11AA9732800150414</key>
		<dict>
			<key>fileRef</key>
			<string>DBD0C1AD1AA9732800150414</string>
			<key>isa</key>
			<string>PBXBuildFile</string>
		</dict>
		<key>DBD0C1B21AA9732800150414</key>
		<dict>
			<key>fileRef</key>
			<string>DBD0C1AE1AA9732800150414</string>
			<key>isa</key>
			<string>PBXBuildFile</string>
		</dict>
		<key>DBD138731ACB8FF2003ABA42</key>
		<dict>
			<key>isa</key>
			<string>PBXFileReference</string>
			<key>lastKnownFileType</key>
			<string>wrapper.framework</string>
			<key>name</key>
			<string>AVFoundation.framework</string>
			<key>path</key>
			<string>System/Library/Frameworks/AVFoundation.framework</string>
			<key>sourceTree</key>
			<string>SDKROOT</string>
		</dict>
		<key>DBD138741ACB8FF2003ABA42</key>
		<dict>
			<key>isa</key>
			<string>PBXFileReference</string>
			<key>lastKnownFileType</key>
			<string>wrapper.framework</string>
			<key>name</key>
			<string>CoreData.framework</string>
			<key>path</key>
			<string>System/Library/Frameworks/CoreData.framework</string>
			<key>sourceTree</key>
			<string>SDKROOT</string>
		</dict>
		<key>DBD138751ACB8FF2003ABA42</key>
		<dict>
			<key>isa</key>
			<string>PBXFileReference</string>
			<key>lastKnownFileType</key>
			<string>wrapper.framework</string>
			<key>name</key>
			<string>CoreText.framework</string>
			<key>path</key>
			<string>System/Library/Frameworks/CoreText.framework</string>
			<key>sourceTree</key>
			<string>SDKROOT</string>
		</dict>
		<key>DBD138761ACB8FF2003ABA42</key>
		<dict>
			<key>isa</key>
			<string>PBXFileReference</string>
			<key>lastKnownFileType</key>
			<string>wrapper.framework</string>
			<key>name</key>
			<string>GLKit.framework</string>
			<key>path</key>
			<string>System/Library/Frameworks/GLKit.framework</string>
			<key>sourceTree</key>
			<string>SDKROOT</string>
		</dict>
		<key>DBD138771ACB8FF2003ABA42</key>
		<dict>
			<key>isa</key>
			<string>PBXFileReference</string>
			<key>lastKnownFileType</key>
			<string>wrapper.framework</string>
			<key>name</key>
			<string>ImageIO.framework</string>
			<key>path</key>
			<string>System/Library/Frameworks/ImageIO.framework</string>
			<key>sourceTree</key>
			<string>SDKROOT</string>
		</dict>
		<key>DBD138781ACB8FF2003ABA42</key>
		<dict>
			<key>isa</key>
			<string>PBXFileReference</string>
			<key>lastKnownFileType</key>
			<string>wrapper.framework</string>
			<key>name</key>
			<string>OpenGLES.framework</string>
			<key>path</key>
			<string>System/Library/Frameworks/OpenGLES.framework</string>
			<key>sourceTree</key>
			<string>SDKROOT</string>
		</dict>
		<key>DBD138791ACB8FF2003ABA42</key>
		<dict>
			<key>fileRef</key>
			<string>DBD138731ACB8FF2003ABA42</string>
			<key>isa</key>
			<string>PBXBuildFile</string>
		</dict>
		<key>DBD1387A1ACB8FF2003ABA42</key>
		<dict>
			<key>fileRef</key>
			<string>DBD138741ACB8FF2003ABA42</string>
			<key>isa</key>
			<string>PBXBuildFile</string>
		</dict>
		<key>DBD1387B1ACB8FF2003ABA42</key>
		<dict>
			<key>fileRef</key>
			<string>DBD138751ACB8FF2003ABA42</string>
			<key>isa</key>
			<string>PBXBuildFile</string>
		</dict>
		<key>DBD1387C1ACB8FF2003ABA42</key>
		<dict>
			<key>fileRef</key>
			<string>DBD138761ACB8FF2003ABA42</string>
			<key>isa</key>
			<string>PBXBuildFile</string>
		</dict>
		<key>DBD1387D1ACB8FF2003ABA42</key>
		<dict>
			<key>fileRef</key>
			<string>DBD138771ACB8FF2003ABA42</string>
			<key>isa</key>
			<string>PBXBuildFile</string>
		</dict>
		<key>DBD1387E1ACB8FF2003ABA42</key>
		<dict>
			<key>fileRef</key>
			<string>DBD138781ACB8FF2003ABA42</string>
			<key>isa</key>
			<string>PBXBuildFile</string>
		</dict>
		<key>DBFC60731A9ABBCF001BE648</key>
		<dict>
			<key>fileEncoding</key>
			<string>4</string>
			<key>isa</key>
			<string>PBXFileReference</string>
			<key>lastKnownFileType</key>
			<string>sourcecode.swift</string>
			<key>path</key>
			<string>HomeViewController.swift</string>
			<key>sourceTree</key>
			<string>&lt;group&gt;</string>
		</dict>
		<key>DBFC60771A9ABBD0001BE648</key>
		<dict>
			<key>fileRef</key>
			<string>DBFC60731A9ABBCF001BE648</string>
			<key>isa</key>
			<string>PBXBuildFile</string>
		</dict>
		<key>F58BBE261AD5CBB20087BF5A</key>
		<dict>
			<key>fileRef</key>
			<string>DBD0C1AC1AA9732800150414</string>
			<key>isa</key>
			<string>PBXBuildFile</string>
		</dict>
		<key>F58BBE271AD5CBB40087BF5A</key>
		<dict>
			<key>fileRef</key>
			<string>DBD0C1AD1AA9732800150414</string>
			<key>isa</key>
			<string>PBXBuildFile</string>
		</dict>
		<key>F58BBE291AD5CBBF0087BF5A</key>
		<dict>
			<key>fileRef</key>
			<string>DBFC60731A9ABBCF001BE648</string>
			<key>isa</key>
			<string>PBXBuildFile</string>
		</dict>
		<key>F58BBE2A1AD5CC460087BF5A</key>
		<dict>
			<key>fileRef</key>
			<string>DB0C36681AB20A530011B520</string>
			<key>isa</key>
			<string>PBXBuildFile</string>
		</dict>
		<key>F58BBE2B1AD5CC580087BF5A</key>
		<dict>
			<key>fileRef</key>
			<string>D59C071A1AA5147F00F4AB93</string>
			<key>isa</key>
			<string>PBXBuildFile</string>
		</dict>
		<key>F58BBE2C1AD5CC5B0087BF5A</key>
		<dict>
			<key>fileRef</key>
			<string>DB48B5E81AAC0573005A04D0</string>
			<key>isa</key>
			<string>PBXBuildFile</string>
		</dict>
		<key>F58BBE2D1AD5CC7C0087BF5A</key>
		<dict>
			<key>fileRef</key>
			<string>DBD0C1AE1AA9732800150414</string>
			<key>isa</key>
			<string>PBXBuildFile</string>
		</dict>
		<key>F58BBE2E1AD5CD020087BF5A</key>
		<dict>
			<key>fileRef</key>
			<string>DBABC97E1A952E9C00CE6497</string>
			<key>isa</key>
			<string>PBXBuildFile</string>
		</dict>
		<key>F58BBE2F1AD5CD060087BF5A</key>
		<dict>
			<key>fileRef</key>
			<string>DB5065591AA921FB000DAE6B</string>
			<key>isa</key>
			<string>PBXBuildFile</string>
		</dict>
		<key>F58BBE301AD5CD0B0087BF5A</key>
		<dict>
			<key>fileRef</key>
			<string>DB50655B1AA921FB000DAE6B</string>
			<key>isa</key>
			<string>PBXBuildFile</string>
		</dict>
		<key>F58BBE311AD5CD0E0087BF5A</key>
		<dict>
			<key>fileRef</key>
			<string>D540DF951AC65EFB00C797D8</string>
			<key>isa</key>
			<string>PBXBuildFile</string>
		</dict>
		<key>F58BBE321AD5CD110087BF5A</key>
		<dict>
			<key>fileRef</key>
			<string>DB5065461AA92154000DAE6B</string>
			<key>isa</key>
			<string>PBXBuildFile</string>
		</dict>
		<key>F58BBE331AD5CD130087BF5A</key>
		<dict>
			<key>fileRef</key>
			<string>DB5065451AA92154000DAE6B</string>
			<key>isa</key>
			<string>PBXBuildFile</string>
		</dict>
		<key>F58BBE341AD5CD160087BF5A</key>
		<dict>
			<key>fileRef</key>
			<string>DB5065441AA92154000DAE6B</string>
			<key>isa</key>
			<string>PBXBuildFile</string>
		</dict>
		<key>F58BBE351AD5CD1A0087BF5A</key>
		<dict>
			<key>fileRef</key>
			<string>DBA92FCB1ACA73C100917454</string>
			<key>isa</key>
			<string>PBXBuildFile</string>
		</dict>
		<key>F58BBE361AD5CD1D0087BF5A</key>
		<dict>
			<key>fileRef</key>
			<string>DB5065421AA92154000DAE6B</string>
			<key>isa</key>
			<string>PBXBuildFile</string>
		</dict>
		<key>F58BBE381AD5CD320087BF5A</key>
		<dict>
			<key>fileRef</key>
			<string>DB962D0E1A927055007D059D</string>
			<key>isa</key>
			<string>PBXBuildFile</string>
		</dict>
		<key>F58BBE391AD5CD390087BF5A</key>
		<dict>
			<key>fileRef</key>
			<string>DB50655A1AA921FB000DAE6B</string>
			<key>isa</key>
			<string>PBXBuildFile</string>
		</dict>
		<key>F58BBE3A1AD5CD3E0087BF5A</key>
		<dict>
			<key>fileRef</key>
			<string>DB0C366A1AB600240011B520</string>
			<key>isa</key>
			<string>PBXBuildFile</string>
		</dict>
		<key>F58BBE3B1AD5CD420087BF5A</key>
		<dict>
			<key>fileRef</key>
			<string>D540DF911AC657FC00C797D8</string>
			<key>isa</key>
			<string>PBXBuildFile</string>
		</dict>
		<key>F58BBE3C1AD5CD490087BF5A</key>
		<dict>
			<key>fileRef</key>
			<string>D540DF931AC658C300C797D8</string>
			<key>isa</key>
			<string>PBXBuildFile</string>
		</dict>
		<key>F58BBE3D1AD5CD560087BF5A</key>
		<dict>
			<key>fileRef</key>
			<string>DB128BA61AA50960007A8179</string>
			<key>isa</key>
			<string>PBXBuildFile</string>
		</dict>
		<key>F58BBE3E1AD5CD590087BF5A</key>
		<dict>
			<key>fileRef</key>
			<string>DB128BA71AA50960007A8179</string>
			<key>isa</key>
			<string>PBXBuildFile</string>
		</dict>
		<key>F58BBE3F1AD5CD5C0087BF5A</key>
		<dict>
			<key>fileRef</key>
			<string>DB128BA81AA50960007A8179</string>
			<key>isa</key>
			<string>PBXBuildFile</string>
		</dict>
		<key>F58BBE401AD5CD5F0087BF5A</key>
		<dict>
			<key>fileRef</key>
			<string>DBACA7EC1A9CD4FC0072FA53</string>
			<key>isa</key>
			<string>PBXBuildFile</string>
		</dict>
		<key>F58BBE411AD5CD620087BF5A</key>
		<dict>
			<key>fileRef</key>
			<string>DBACA7EE1A9CE6710072FA53</string>
			<key>isa</key>
			<string>PBXBuildFile</string>
		</dict>
		<key>F58BBE421AD5CD640087BF5A</key>
		<dict>
			<key>fileRef</key>
			<string>DBACA7EF1A9CE6710072FA53</string>
			<key>isa</key>
			<string>PBXBuildFile</string>
		</dict>
		<key>F58BBE431AD5CD680087BF5A</key>
		<dict>
			<key>fileRef</key>
			<string>DB5E03741A9C55260061A42B</string>
			<key>isa</key>
			<string>PBXBuildFile</string>
		</dict>
		<key>F58BBE441AD5CD6A0087BF5A</key>
		<dict>
			<key>fileRef</key>
			<string>DB5E03751A9C55260061A42B</string>
			<key>isa</key>
			<string>PBXBuildFile</string>
		</dict>
		<key>F58BBE451AD5CD750087BF5A</key>
		<dict>
			<key>fileRef</key>
			<string>DB5E03761A9C55260061A42B</string>
			<key>isa</key>
			<string>PBXBuildFile</string>
		</dict>
		<key>F58BBE461AD5CD780087BF5A</key>
		<dict>
			<key>fileRef</key>
			<string>DB5E03771A9C55260061A42B</string>
			<key>isa</key>
			<string>PBXBuildFile</string>
		</dict>
		<key>F58BBE471AD5CD7B0087BF5A</key>
		<dict>
			<key>fileRef</key>
			<string>DB5E03781A9C55260061A42B</string>
			<key>isa</key>
			<string>PBXBuildFile</string>
		</dict>
		<key>F58BBE481AD5CD7E0087BF5A</key>
		<dict>
			<key>fileRef</key>
			<string>DB5E03791A9C55270061A42B</string>
			<key>isa</key>
			<string>PBXBuildFile</string>
		</dict>
		<key>F58BBE491AD5CD800087BF5A</key>
		<dict>
			<key>fileRef</key>
			<string>DB5E037A1A9C55270061A42B</string>
			<key>isa</key>
			<string>PBXBuildFile</string>
		</dict>
		<key>F58BBE4A1AD5CD830087BF5A</key>
		<dict>
			<key>fileRef</key>
			<string>DB5E037B1A9C55270061A42B</string>
			<key>isa</key>
			<string>PBXBuildFile</string>
		</dict>
		<key>F58BBE4B1AD5CD850087BF5A</key>
		<dict>
			<key>fileRef</key>
			<string>DB5E037C1A9C55270061A42B</string>
			<key>isa</key>
			<string>PBXBuildFile</string>
		</dict>
		<key>F58BBE4C1AD5CD870087BF5A</key>
		<dict>
			<key>fileRef</key>
			<string>DB5E03961A9C55BA0061A42B</string>
			<key>isa</key>
			<string>PBXBuildFile</string>
		</dict>
		<key>F58BBE4D1AD5CD890087BF5A</key>
		<dict>
			<key>fileRef</key>
			<string>DB5E03971A9C55BA0061A42B</string>
			<key>isa</key>
			<string>PBXBuildFile</string>
		</dict>
		<key>F58BBE4E1AD5CD8D0087BF5A</key>
		<dict>
			<key>fileRef</key>
			<string>DB5E03981A9C55BA0061A42B</string>
			<key>isa</key>
			<string>PBXBuildFile</string>
		</dict>
		<key>F58BBE4F1AD5CD900087BF5A</key>
		<dict>
			<key>fileRef</key>
			<string>DB5E03991A9C55BA0061A42B</string>
			<key>isa</key>
			<string>PBXBuildFile</string>
		</dict>
		<key>F58BBE501AD5CD930087BF5A</key>
		<dict>
			<key>fileRef</key>
			<string>DB5E03861A9C55900061A42B</string>
			<key>isa</key>
			<string>PBXBuildFile</string>
		</dict>
		<key>F58BBE511AD5CD950087BF5A</key>
		<dict>
			<key>fileRef</key>
			<string>DB5E03871A9C55900061A42B</string>
			<key>isa</key>
			<string>PBXBuildFile</string>
		</dict>
		<key>F58BBE521AD5CD980087BF5A</key>
		<dict>
			<key>fileRef</key>
			<string>DB5E03881A9C55900061A42B</string>
			<key>isa</key>
			<string>PBXBuildFile</string>
		</dict>
		<key>F58BBE541AD5CDA00087BF5A</key>
		<dict>
			<key>fileRef</key>
			<string>DB962D131A927056007D059D</string>
			<key>isa</key>
			<string>PBXBuildFile</string>
		</dict>
		<key>a2b686bb1014db6fbe1aed2e</key>
		<dict>
			<key>fileRef</key>
			<string>DB5E03971A9C55BA0061A42B</string>
			<key>isa</key>
			<string>PBXBuildFile</string>
		</dict>
		<key>a47b0d14154508960426c19b</key>
		<dict>
			<key>fileRef</key>
			<string>DBD0C1AB1AA9732800150414</string>
			<key>isa</key>
			<string>PBXBuildFile</string>
		</dict>
		<key>a518b9aeaae6753a976f7e87</key>
		<dict>
			<key>buildConfigurationList</key>
			<string>e7ed04ee759942c51b04d4fb</string>
			<key>buildPhases</key>
			<array>
				<string>7b731a164cfeef36181f874b</string>
				<string>3510e1f4bb5768c1697c1fbe</string>
				<string>00d10f655f996dbe3dfa33f0</string>
			</array>
			<key>buildRules</key>
			<array/>
			<key>dependencies</key>
			<array/>
			<key>isa</key>
			<string>PBXNativeTarget</string>
			<key>name</key>
			<string>Carpooling-cal</string>
			<key>productName</key>
			<string>Carpooling-cal</string>
			<key>productReference</key>
			<string>e2bc4454de750fa1eb522bc4</string>
			<key>productType</key>
			<string>com.apple.product-type.application</string>
		</dict>
		<key>a9cdf7d7b3878ba6e19ca78b</key>
		<dict>
			<key>fileRef</key>
			<string>DB5E03741A9C55260061A42B</string>
			<key>isa</key>
			<string>PBXBuildFile</string>
		</dict>
		<key>ad3548fa01945b47d4419bf8</key>
		<dict>
			<key>fileRef</key>
			<string>DB9AAA1C1A93F9C70087666C</string>
			<key>isa</key>
			<string>PBXBuildFile</string>
		</dict>
		<key>af8f0dd56676d6b3b69d3dce</key>
		<dict>
			<key>fileRef</key>
			<string>DB5065451AA92154000DAE6B</string>
			<key>isa</key>
			<string>PBXBuildFile</string>
		</dict>
		<key>b49c85c90f12dc5283b9572d</key>
		<dict>
			<key>fileRef</key>
			<string>DB5E03781A9C55260061A42B</string>
			<key>isa</key>
			<string>PBXBuildFile</string>
		</dict>
		<key>b51ea3ee23d9b6f374cbf400</key>
		<dict>
			<key>fileRef</key>
			<string>DBD138741ACB8FF2003ABA42</string>
			<key>isa</key>
			<string>PBXBuildFile</string>
		</dict>
		<key>b888e3569383ec3f8067ee67</key>
		<dict>
			<key>fileRef</key>
			<string>DB962D0C1A927055007D059D</string>
			<key>isa</key>
			<string>PBXBuildFile</string>
		</dict>
		<key>b8b4e54c20b38d42fb87df32</key>
		<dict>
			<key>fileRef</key>
			<string>DB128BA81AA50960007A8179</string>
			<key>isa</key>
			<string>PBXBuildFile</string>
		</dict>
		<key>ba1832eda8f2d66437126dfa</key>
		<dict>
			<key>fileRef</key>
			<string>DB5E03881A9C55900061A42B</string>
			<key>isa</key>
			<string>PBXBuildFile</string>
		</dict>
		<key>c595f69ffcc7474c0765639f</key>
		<dict>
			<key>fileRef</key>
			<string>DBABC9571A942EA300CE6497</string>
			<key>isa</key>
			<string>PBXBuildFile</string>
		</dict>
		<key>c75e19d84d8c3d0b8037acc6</key>
		<dict>
			<key>fileRef</key>
			<string>DBACA7EC1A9CD4FC0072FA53</string>
			<key>isa</key>
			<string>PBXBuildFile</string>
		</dict>
		<key>cbcba7f3c60264e4aebeca6f</key>
		<dict>
			<key>fileRef</key>
			<string>DBD138771ACB8FF2003ABA42</string>
			<key>isa</key>
			<string>PBXBuildFile</string>
		</dict>
		<key>ce72f2d8e71241b900fb7ce2</key>
		<dict>
			<key>fileRef</key>
			<string>DB50655B1AA921FB000DAE6B</string>
			<key>isa</key>
			<string>PBXBuildFile</string>
		</dict>
		<key>ce98996dc0c60ef295462464</key>
		<dict>
			<key>fileRef</key>
			<string>DBD0C1AE1AA9732800150414</string>
			<key>isa</key>
			<string>PBXBuildFile</string>
		</dict>
		<key>ceede026c89166422f8a3fdb</key>
		<dict>
			<key>fileRef</key>
			<string>DBACA7EE1A9CE6710072FA53</string>
			<key>isa</key>
			<string>PBXBuildFile</string>
		</dict>
		<key>cf33ff685bb382ad0339b3b6</key>
		<dict>
			<key>fileRef</key>
			<string>DBD138731ACB8FF2003ABA42</string>
			<key>isa</key>
			<string>PBXBuildFile</string>
		</dict>
		<key>d397b07353b56ef07768965d</key>
		<dict>
			<key>fileRef</key>
			<string>DB0C36681AB20A530011B520</string>
			<key>isa</key>
			<string>PBXBuildFile</string>
		</dict>
		<key>dc8626df0c7f7bf12edd57b0</key>
		<dict>
			<key>fileRef</key>
			<string>DB5E03791A9C55270061A42B</string>
			<key>isa</key>
			<string>PBXBuildFile</string>
		</dict>
		<key>e1ee0dd57a5843e25a45ee9c</key>
		<dict>
			<key>fileRef</key>
			<string>DB5E03771A9C55260061A42B</string>
			<key>isa</key>
			<string>PBXBuildFile</string>
		</dict>
		<key>e218beadba34cdfce1535662</key>
		<dict>
			<key>buildSettings</key>
			<dict>
				<key>ASSETCATALOG_COMPILER_APPICON_NAME</key>
				<string>AppIcon</string>
				<key>CLANG_ENABLE_MODULES</key>
				<string>YES</string>
				<key>CODE_SIGN_IDENTITY</key>
				<string>iPhone Developer</string>
				<key>CODE_SIGN_IDENTITY[sdk=iphoneos*]</key>
				<string>iPhone Developer</string>
				<key>FRAMEWORK_SEARCH_PATHS</key>
				<array>
					<string>$(PROJECT_DIR)/GoogleMapsSDK</string>
					<string>$(PROJECT_DIR)</string>
					<string>/Users/cesar/Desktop/Software</string>
					<string>Engineering/GoogleWalletSDK</string>
					<string>$(PROJECT_DIR)/GoogleWalletSDK</string>
					<string>$(inherited)</string>
					<string>"$(SRCROOT)"</string>
				</array>
				<key>INFOPLIST_FILE</key>
				<string>Carpooling/Info.plist</string>
				<key>IPHONEOS_DEPLOYMENT_TARGET</key>
				<string>8.1</string>
				<key>LD_RUNPATH_SEARCH_PATHS</key>
				<string>$(inherited) @executable_path/Frameworks</string>
				<key>LIBRARY_SEARCH_PATHS</key>
				<string></string>
				<key>OTHER_LDFLAGS</key>
				<array>
					<string></string>
					<string>$(inherited)</string>
					<string>-force_load</string>
					<string>"$(SRCROOT)/calabash.framework/calabash"</string>
					<string>-lstdc++</string>
				</array>
				<key>PRODUCT_NAME</key>
				<string>Carpooling</string>
				<key>PROVISIONING_PROFILE</key>
				<string></string>
				<key>SWIFT_OBJC_BRIDGING_HEADER</key>
				<string>Carpooling/Carpooling-Bridging-Header.h</string>
				<key>TARGETED_DEVICE_FAMILY</key>
				<string>1</string>
			</dict>
			<key>isa</key>
			<string>XCBuildConfiguration</string>
			<key>name</key>
			<string>Release</string>
		</dict>
		<key>e2bc4454de750fa1eb522bc4</key>
		<dict>
			<key>explicitFileType</key>
			<string>wrapper.application</string>
			<key>includeInIndex</key>
			<string>0</string>
			<key>isa</key>
			<string>PBXFileReference</string>
			<key>path</key>
			<string>Carpooling-cal.app</string>
			<key>sourceTree</key>
			<string>BUILT_PRODUCTS_DIR</string>
		</dict>
		<key>e5ace087c18a94930e6d4f1b</key>
		<dict>
			<key>fileRef</key>
			<string>DBD138761ACB8FF2003ABA42</string>
			<key>isa</key>
			<string>PBXBuildFile</string>
		</dict>
		<key>e6f054ca895b928df573080e</key>
		<dict>
			<key>fileRef</key>
			<string>DB5E037C1A9C55270061A42B</string>
			<key>isa</key>
			<string>PBXBuildFile</string>
		</dict>
		<key>e7ed04ee759942c51b04d4fb</key>
		<dict>
			<key>buildConfigurations</key>
			<array>
				<string>51333a5f7020664eaaaf684a</string>
				<string>e218beadba34cdfce1535662</string>
			</array>
			<key>defaultConfigurationIsVisible</key>
			<string>0</string>
			<key>defaultConfigurationName</key>
			<string>Release</string>
			<key>isa</key>
			<string>XCConfigurationList</string>
		</dict>
		<key>eae8c9b198e4c479e122b3d2</key>
		<dict>
			<key>fileRef</key>
			<string>DB5E03751A9C55260061A42B</string>
			<key>isa</key>
			<string>PBXBuildFile</string>
		</dict>
		<key>ec5a4a1d72a7c457a0483276</key>
		<dict>
			<key>fileRef</key>
			<string>DB48B5E41AAC0042005A04D0</string>
			<key>isa</key>
			<string>PBXBuildFile</string>
		</dict>
		<key>f294227c1b4bd15cd71ea973</key>
		<dict>
			<key>fileRef</key>
			<string>DBABC97E1A952E9C00CE6497</string>
			<key>isa</key>
			<string>PBXBuildFile</string>
		</dict>
		<key>f694f6b2525a4da38944dc54</key>
		<dict>
			<key>fileRef</key>
			<string>DBA92FCB1ACA73C100917454</string>
			<key>isa</key>
			<string>PBXBuildFile</string>
		</dict>
	</dict>
	<key>rootObject</key>
	<string>DB962CFF1A927055007D059D</string>
</dict>
</plist>
